{
  "version": 4,
  "terraform_version": "1.3.9",
  "serial": 163,
  "lineage": "258cea64-000d-c2a1-f760-08f9d994d645",
  "outputs": {
    "client_id": {
      "value": "a23e516a-f083-4ab1-9c2b-2dcc622dcca4",
      "type": "string"
    },
    "client_secret": {
      "value": "zVm8Q~HXd.abKxlkuHCDhFOjeot1VPALXM41WdyN",
      "type": "string",
      "sensitive": true
    },
    "resource_group_name": {
      "value": "test-neyo-rg",
      "type": "string"
    }
  },
  "resources": [
    {
      "mode": "managed",
      "type": "azurerm_key_vault_secret",
      "name": "testsecret",
      "provider": "provider[\"registry.terraform.io/hashicorp/azurerm\"]",
      "instances": [
        {
          "schema_version": 0,
          "attributes": {
            "content_type": "",
            "expiration_date": null,
            "id": "https://test-neyo-kv-101.vault.azure.net/secrets/a23e516a-f083-4ab1-9c2b-2dcc622dcca4/ef77748a88fe4faf87f7ea5d7ac4128b",
            "key_vault_id": "/subscriptions/c7159b76-0836-4a8d-99df-ab0ef217acb0/resourceGroups/test-neyo-rg/providers/Microsoft.KeyVault/vaults/test-neyo-kv-101",
            "name": "a23e516a-f083-4ab1-9c2b-2dcc622dcca4",
            "not_before_date": null,
            "resource_id": "/subscriptions/c7159b76-0836-4a8d-99df-ab0ef217acb0/resourceGroups/test-neyo-rg/providers/Microsoft.KeyVault/vaults/test-neyo-kv-101/secrets/a23e516a-f083-4ab1-9c2b-2dcc622dcca4/versions/ef77748a88fe4faf87f7ea5d7ac4128b",
            "resource_versionless_id": "/subscriptions/c7159b76-0836-4a8d-99df-ab0ef217acb0/resourceGroups/test-neyo-rg/providers/Microsoft.KeyVault/vaults/test-neyo-kv-101/secrets/a23e516a-f083-4ab1-9c2b-2dcc622dcca4",
            "tags": {},
            "timeouts": null,
            "value": "zVm8Q~HXd.abKxlkuHCDhFOjeot1VPALXM41WdyN",
            "version": "ef77748a88fe4faf87f7ea5d7ac4128b",
            "versionless_id": "https://test-neyo-kv-101.vault.azure.net/secrets/a23e516a-f083-4ab1-9c2b-2dcc622dcca4"
          },
          "sensitive_attributes": [
            [
              {
                "type": "get_attr",
                "value": "value"
              }
            ]
          ],
          "private": "eyJlMmJmYjczMC1lY2FhLTExZTYtOGY4OC0zNDM2M2JjN2M0YzAiOnsiY3JlYXRlIjoxODAwMDAwMDAwMDAwLCJkZWxldGUiOjE4MDAwMDAwMDAwMDAsInJlYWQiOjE4MDAwMDAwMDAwMDAsInVwZGF0ZSI6MTgwMDAwMDAwMDAwMH19",
          "dependencies": [
            "azurerm_resource_group.rg1",
            "module.ServicePrincipal.azuread_application.main",
            "module.ServicePrincipal.azuread_service_principal.main",
            "module.ServicePrincipal.azuread_service_principal_password.main",
            "module.ServicePrincipal.data.azuread_client_config.current",
            "module.keyvault.azurerm_key_vault.kv",
            "module.keyvault.data.azurerm_client_config.current"
          ]
        }
      ]
    },
    {
      "mode": "managed",
      "type": "azurerm_resource_group",
      "name": "rg1",
      "provider": "provider[\"registry.terraform.io/hashicorp/azurerm\"]",
      "instances": [
        {
          "schema_version": 0,
          "attributes": {
            "id": "/subscriptions/c7159b76-0836-4a8d-99df-ab0ef217acb0/resourceGroups/test-neyo-rg",
            "location": "eastus",
            "managed_by": "",
            "name": "test-neyo-rg",
            "tags": {},
            "timeouts": null
          },
          "sensitive_attributes": [],
          "private": "eyJlMmJmYjczMC1lY2FhLTExZTYtOGY4OC0zNDM2M2JjN2M0YzAiOnsiY3JlYXRlIjo1NDAwMDAwMDAwMDAwLCJkZWxldGUiOjU0MDAwMDAwMDAwMDAsInJlYWQiOjMwMDAwMDAwMDAwMCwidXBkYXRlIjo1NDAwMDAwMDAwMDAwfX0="
        }
      ]
    },
    {
      "mode": "managed",
      "type": "azurerm_role_assignment",
      "name": "rolespn",
      "provider": "provider[\"registry.terraform.io/hashicorp/azurerm\"]",
      "instances": [
        {
          "schema_version": 0,
          "attributes": {
            "condition": "",
            "condition_version": "",
            "delegated_managed_identity_resource_id": "",
            "description": "",
            "id": "/subscriptions/c7159b76-0836-4a8d-99df-ab0ef217acb0/providers/Microsoft.Authorization/roleAssignments/7d7b28c6-8a2b-6325-92c5-db9b72b6cfba",
            "name": "7d7b28c6-8a2b-6325-92c5-db9b72b6cfba",
            "principal_id": "8377d2ff-75fb-46c2-aa7a-20568bed0542",
            "principal_type": "ServicePrincipal",
            "role_definition_id": "/subscriptions/c7159b76-0836-4a8d-99df-ab0ef217acb0/providers/Microsoft.Authorization/roleDefinitions/b24988ac-6180-42a0-ab88-20f7382dd24c",
            "role_definition_name": "Contributor",
            "scope": "/subscriptions/c7159b76-0836-4a8d-99df-ab0ef217acb0",
            "skip_service_principal_aad_check": null,
            "timeouts": null
          },
          "sensitive_attributes": [],
          "private": "eyJlMmJmYjczMC1lY2FhLTExZTYtOGY4OC0zNDM2M2JjN2M0YzAiOnsiY3JlYXRlIjoxODAwMDAwMDAwMDAwLCJkZWxldGUiOjE4MDAwMDAwMDAwMDAsInJlYWQiOjMwMDAwMDAwMDAwMCwidXBkYXRlIjoxODAwMDAwMDAwMDAwfX0=",
          "dependencies": [
            "azurerm_resource_group.rg1",
            "module.ServicePrincipal.azuread_application.main",
            "module.ServicePrincipal.azuread_service_principal.main",
            "module.ServicePrincipal.azuread_service_principal_password.main",
            "module.ServicePrincipal.data.azuread_client_config.current"
          ]
        }
      ]
    },
    {
      "mode": "managed",
      "type": "local_file",
      "name": "kubeconfig",
      "provider": "provider[\"registry.terraform.io/hashicorp/local\"]",
      "instances": [
        {
          "schema_version": 0,
          "attributes": {
            "content": "apiVersion: v1\nclusters:\n- cluster:\n    certificate-authority-data: LS0tLS1CRUdJTiBDRVJUSUZJQ0FURS0tLS0tCk1JSUU2VENDQXRHZ0F3SUJBZ0lSQUlYdFI5MDQxc3RCbHlNanZMYWlaVDB3RFFZSktvWklodmNOQVFFTEJRQXcKRFRFTE1Ba0dBMVVFQXhNQ1kyRXdJQmNOTWpNd09UQXlNVEl4TVRFM1doZ1BNakExTXpBNU1ESXhNakl4TVRkYQpNQTB4Q3pBSkJnTlZCQU1UQW1OaE1JSUNJakFOQmdrcWhraUc5dzBCQVFFRkFBT0NBZzhBTUlJQ0NnS0NBZ0VBCnZjMk1scWVzZGtocldwaW5VbWVFMmhvNUYxUFdCQ1VCYmpCSjA4Z3daVThsOVdhMDFHbi9iWjVHOTVILzVNcjYKZ1NtN29JMFVGYXV5dmI4YkN4eDZyWWlIMHdPd2F6SzRCN051RTA1MFQvNEcydFE1T1ZXVWlKd21CT09zMUsrSAp6SjBtbmx3ZnBDSmJJcUpiU3dnbDEwTzVwVlB1ZDdKUXlkZW1MZ25xMUdBQVdDaGM0OW5xUTk1djZDQUl1dVlqCmRYdiswS3Ivb1lrQ2pDYjFPeERRVVNla3pvM1BJYU0vQi8vSFZDeE56QTVGVXNEcGd6RWtjVERTTHBGMXlVVU4KUTIwclJQTk9rTG5jYk5HREVlU1pyZUNGUnA4aldNWCtHYVZmb3BlZURuczJCUVRyOEVDZFQ0aWVrWDhiTlBTWgp4NkJ2KzErdzBlT0tac3o1eCtrRHJ6U1RRSEpvRzlwZzh5WkJ3QWlGREV1NXk2eFN5T1Vsd1gwYW1oL2FlZ1luCjNndDZMbHJGU3lTcFBxR0N0NDRCS2lZV2c1NVhrU0Fwc0JEVmtaRzhHbkhmMTk2WGNqOXloUzR2cjl4WDdFRnIKQWNIYXpSNkFpM01nZXFRcExXcVgxTitqdFROTUZ0eWVkdjdxYmp2czBDdkp3Tm50SmRXbDUrejJlNjlvdlF1Ywpoa25ENWVXR041M3dxaGUzVVZIQTg4NDdsT0xESXEvYWgyQ3JiaG8wc0xhcGlyaEVCeEgzYmU3TXU5RjJOei8vClJkWDV5RzJteGUwVU9vY2dGaDBpS3lrRDRYcEUzSGplWExhMFFDWjJUU2s1bTl0WWtxMjVwK3pqUTNVMmRMUUYKdm1hdXozc29EeStHVFl5SkYrUnNTUlRDK0lBWWRnU1IzR3lIazVzbHNva0NBd0VBQWFOQ01FQXdEZ1lEVlIwUApBUUgvQkFRREFnS2tNQThHQTFVZEV3RUIvd1FGTUFNQkFmOHdIUVlEVlIwT0JCWUVGRUNSbGpMdUhKOVdrUlI2CkI5OEdlS2YwRlRJTU1BMEdDU3FHU0liM0RRRUJDd1VBQTRJQ0FRQU5SVCtHeGdVRjRBVTVHRmhQa0VjM1k4QnUKTzM5RUxBbndqZTU3WXF2NGlhU2xLUU9RRjJzSDk3MnhySy9taXU1QU1zM2ZKUU0zbWJLTUdSSTFZTWhzQ0NrQQpMOFZTM1ZtSkFVa2FONWZYWVFGUjdtTnFxcEpPSUJGcDRFVC81U0VrY0FnWjN4LzZRSVJOaGhka2JwQU90WEtiCitxT2JaSTl2eFpzbkdER1ZLYWN6RjdOa2syQjlIcFhoMUU1Z3R6dmZtY0ZScEdlc0ZoeFdkc0NaT0pmS1VnZU0KT1o4RFcrKy83UVFndXhDbDNQYzZ0RDFER3ZsTHI3OEdMRmhBY0paZnEwRlZCTm5lYmtqTXRaTFFWLzJkbytZZwo0MU5SVUlIQ21VSHdoenFMTVVYTFdrZ0szVkY4UTk1b0lFSi94NVRRaTJ4cXl1SjNTM3orMCtHN2lNZ2lnblZ0Cm92NWpxWXExWVNjL1BuNjh1KzRmckFJRUFnR2lCMkd1S2l0VGNqMXhQUWk2MllhSWVZVUJtMGd4bXlBRUdqaHoKQ0s1MVJDMk43ZUZ6eEl3QVBxbk0ydGpjWGMydmNtWjR5aTJwSUtRRUVJNnFZZjc2THRBN0pxSktneWd2dTBHTQo1VlFBT21SR3ZObzY4K0pNOU4yRXk5TmpUSDN6TnRrRFNQQy9qTlFPbWlLYUxqcGtSRlNDTWRvUXJncloyMWM0CnlPdENoNnRTVk1uTnJOYUI5a2hpekxOQ0NRSDhCYUl5SkZyZmo5Qm5mMXRFU2xVK0RlaEoxeTZQQnFyWGlydFgKU3MzUE10U3IzcXVSejV4SFZEbC9adzBpK0QyQnhvaEl2Q096cXBJa2tKZHpLemZtVEVNOVVCU1grTkM3bnJoNApIeG1EWmw2OFJQUlk4czFtSVE9PQotLS0tLUVORCBDRVJUSUZJQ0FURS0tLS0tCg==\n    server: https://test-neyo-rg-cluster-kiwlkorh.hcp.eastus.azmk8s.io:443\n  name: neyo-aks-cluster\ncontexts:\n- context:\n    cluster: neyo-aks-cluster\n    user: clusterUser_test-neyo-rg_neyo-aks-cluster\n  name: neyo-aks-cluster\ncurrent-context: neyo-aks-cluster\nkind: Config\npreferences: {}\nusers:\n- name: clusterUser_test-neyo-rg_neyo-aks-cluster\n  user:\n    client-certificate-data: LS0tLS1CRUdJTiBDRVJUSUZJQ0FURS0tLS0tCk1JSUZIakNDQXdhZ0F3SUJBZ0lSQU5sRWUvc1l0YXdxaFU4SHRVTzdsekl3RFFZSktvWklodmNOQVFFTEJRQXcKRFRFTE1Ba0dBMVVFQXhNQ1kyRXdIaGNOTWpNd09UQXlNVEl4TVRFM1doY05NalV3T1RBeU1USXlNVEUzV2pBdwpNUmN3RlFZRFZRUUtFdzV6ZVhOMFpXMDZiV0Z6ZEdWeWN6RVZNQk1HQTFVRUF4TU1iV0Z6ZEdWeVkyeHBaVzUwCk1JSUNJakFOQmdrcWhraUc5dzBCQVFFRkFBT0NBZzhBTUlJQ0NnS0NBZ0VBcXhibXZIQWdIS09nMm4yRlJ5TzcKdmVtb3A5U21tNmwzNjE4M0dwRzE5bWtKYjdrNkZpMXp0SGRYeE9obFJpTDI5dWkyckcrOWhDRGRPR3BtZENpLwprbEZaN2Qzbmx6cGUwUGFWMm9iUEtIMUFuSWVBZGhvVk94Mng2Vkw2SCtmck1xRDJ4N3BDa1dVOStVcFVycEl5CmxSNDVXQWpUL3JLSUIvNU5HVmUwT3ExUytPY2J2N0wwZGdGRlUvQUY1SVNDWUc2ZnVIM2pNSFZYamV1OFpqOGoKWDM2UTdxTlJNaG9mVnhhSmtnZTU2UDhxamRnSFYrdi8yYnhweWszckRsbDliVHZ2eSt5TG1LZFNMZHh5M2FsTgpZWTdqclFtSkpaWDZYMzMvZi83a01QcXp3ZGhRa3BnWGxqa3p1d0pkamV5U3pEWWd6NUUxS25rWG1mbXJvR1laCityS0xzVktBTXpuZDByNlM2czNrSlk0WmxMK1VzRXg0dVZFUDY2Wm1NejhFRjBoNEE3YzYwcDk5czRxNmFwZnQKSWFLQzh3Si83ZEpuZU8reldQZ2d4VVlxU1dsSVpYVk1aZWxaQ0hSOWY2TEIzYTRVbmRrV0pjeVF2M1VwVG1TYgp5Q3hiR3Q5a3hoQjZQOGo5MDJObTk3UDBTQ3VhUzkxemliWXJPOWVQT1o1QzJuYTBocmhQSldhdXQxTmR1VFVNCkkzZVNsekhOaW1DOWVvbCtsclN6SDAxZ3VhcUtHN2FlRXN1L0tMbGtWYS95K1YvS3hNL2ZkQUVEZFFpcFJvMlMKVWp1Q2dVZW1BNFFiRFJnd1VTVm9mQTlEd1hEbUQzWEVyOTQ1ZitKN0V5L0N5Ulp4a01MMzNIQkppZ1pGZkZDNgpFNjI1d3UxQjlhbm01TkYyRktUbDk5c0NBd0VBQWFOV01GUXdEZ1lEVlIwUEFRSC9CQVFEQWdXZ01CTUdBMVVkCkpRUU1NQW9HQ0NzR0FRVUZCd01DTUF3R0ExVWRFd0VCL3dRQ01BQXdId1lEVlIwakJCZ3dGb0FVUUpHV011NGMKbjFhUkZIb0gzd1o0cC9RVk1nd3dEUVlKS29aSWh2Y05BUUVMQlFBRGdnSUJBQldKdEdTc1grK0VBdW1SU0RIZApTR0Jkc1JtUWp3SFVrbllidWVyemU3K0JCRTg5Nm5zZHY5MkpGa1JNcmNPOVgxc1IyUnZyVlBwc0xOVlhSbUFJCkFJeS9hWGpsZ1pCRjZXK2FTbjlTUUN1MzFrZ3JXYThzZVZlZVh1Slo4ZGdQL1Z6RlRJdFNEajA0Y091QXkwalQKK3k5dUpuK3NhTzk1QUliNFhYR1d1NmJSVVV0My9kNXh2Qitod05lVlpaRlZTUG83VzRwQkx0UjBnZTF3QjRZYgozWHBMVXl5Qkh0Tjlkbm8xYWRDWXlDQ29Oak9WUmppaU1aYmY1ZHlXSEdpT0RpRUFSNVg4cGxJQ29DNVZUQnVMCnpsSzg1cW5Qdmd5NTFVczlHWE92YytIOHFRN3EzYWh2WGtpbStWN29POGxZQjN1TzBjcVY1OGJRRXE2U01sUUcKUDlZNXBGR2IvRlk3TzNsZ25neVRIRmY0RHRJbFgvR29kTW0wSWltekdHeURZTHRxRGt1WkRQRVovSGZTb05aNwpBT2dQbVhqQTk5V0pVMWJRYXE4aVBkV2l1RzV5cjU4Q2Q4b1U4ZGlFR2gxQlE4UjgwaGIxR3pHdnJMN3J4a1N1Ckh6VG43ZnM2QjNETHFEUy9ZaDNxUWZzRWxjVDNQcnRZbmhBbmFYaFhXN3g4R1hyc1NWb0o0MkkyK3JLYXNYMkUKRmVrTzdBYnlkUnRtdWZHdkd3WWVpYlJwQlc1Vld6YlhpekZIRWpidDFMc0NIeHFoVGt1NDhPcE01dnBBQjJvQwpCK1U3MmxudG1yT3U5TkRmZnpSUWtUVC9Hd2VDcHRhVUozNElLaUxlWCtwblMrOWVMVVNPMEtYZmJjVk9hOEIzCmo5cUdBdTkxQUdETFRmMjc4Q0FKc1NvRAotLS0tLUVORCBDRVJUSUZJQ0FURS0tLS0tCg==\n    client-key-data: LS0tLS1CRUdJTiBSU0EgUFJJVkFURSBLRVktLS0tLQpNSUlKSndJQkFBS0NBZ0VBcXhibXZIQWdIS09nMm4yRlJ5Tzd2ZW1vcDlTbW02bDM2MTgzR3BHMTlta0piN2s2CkZpMXp0SGRYeE9obFJpTDI5dWkyckcrOWhDRGRPR3BtZENpL2tsRlo3ZDNubHpwZTBQYVYyb2JQS0gxQW5JZUEKZGhvVk94Mng2Vkw2SCtmck1xRDJ4N3BDa1dVOStVcFVycEl5bFI0NVdBalQvcktJQi81TkdWZTBPcTFTK09jYgp2N0wwZGdGRlUvQUY1SVNDWUc2ZnVIM2pNSFZYamV1OFpqOGpYMzZRN3FOUk1ob2ZWeGFKa2dlNTZQOHFqZGdIClYrdi8yYnhweWszckRsbDliVHZ2eSt5TG1LZFNMZHh5M2FsTllZN2pyUW1KSlpYNlgzMy9mLzdrTVBxendkaFEKa3BnWGxqa3p1d0pkamV5U3pEWWd6NUUxS25rWG1mbXJvR1laK3JLTHNWS0FNem5kMHI2UzZzM2tKWTRabEwrVQpzRXg0dVZFUDY2Wm1NejhFRjBoNEE3YzYwcDk5czRxNmFwZnRJYUtDOHdKLzdkSm5lTyt6V1BnZ3hVWXFTV2xJClpYVk1aZWxaQ0hSOWY2TEIzYTRVbmRrV0pjeVF2M1VwVG1TYnlDeGJHdDlreGhCNlA4ajkwMk5tOTdQMFNDdWEKUzkxemliWXJPOWVQT1o1QzJuYTBocmhQSldhdXQxTmR1VFVNSTNlU2x6SE5pbUM5ZW9sK2xyU3pIMDFndWFxSwpHN2FlRXN1L0tMbGtWYS95K1YvS3hNL2ZkQUVEZFFpcFJvMlNVanVDZ1VlbUE0UWJEUmd3VVNWb2ZBOUR3WERtCkQzWEVyOTQ1ZitKN0V5L0N5Ulp4a01MMzNIQkppZ1pGZkZDNkU2MjV3dTFCOWFubTVORjJGS1RsOTlzQ0F3RUEKQVFLQ0FnQkFyVlNtc2VDQjB4Mncyeml5RHdFZkp5QzU2WHJlWjY5TXpGN2hiV29UYjl2QVg0NWs2ZVBPdWpyMAoxa0hLeE5jRnVpMnNmRVZ4bUpib2g5aVpXdm9venhZbkJQZFN4UjhvOGI3dXNIM0p1YWZlUko4OGhsbTJVbUI2CmF3TGhZdVFYN0orK0cxeWs2RmdJVUtBNHFrM3k3MDBRU2E0U245MHE0R2kzQnQrOE90K2Q5b2dYN1FmYlFGbTgKQklYRndJNGs5RXp2Q3JBREZxajFuc05IQitGUWJXRk94WENoZHh5WDZJNHpKVGFUclRxaUNxT2tDalJiVkkzTgppNjByYklzczZ6YVlxYUNRSWRqQU81RTAySmJISmFST09zZWM3TmlNbHU0cXJlb0gxZzUwWGxqL1FmM1FyV2t2CjdoSDk0QXdTcFBlOFlCRndML3pMR1laWENhSVI4L1I2Ty9DMzhCZjVad3RGYjd5YSsxSGI1dlc1alQwNXlJMXkKd241T3ppRFc4MVFZcE03Q21MdnY3Q0dLOHJtK041UDBHbDlvL3RVL0xkUmFlT2Z4VVp1RkZWaklVOGZOdndDbgo5VWlBZGNQZTdZWkJYRGphSTVyNkhXbW8vSmVLZExNdEtmYTQ3WGRnVzQvdnpTZzVhMHN0bG02bXNYWFFvaHVoCmNNdzJmWVRHMER1NFNNaHlPQmpUTWpPSFdSSXpJQjBBNG1NcXAxNUgzL1NlUTB0eUM4OEVxUXI3bGFhSEUzYXkKNFlFbDlzQ25uc3U5cHNDYlNPTjJNanJZS01Hb253RnA1VmVvVVgxS05UcCtFU0xLUmIyeVorUnBrRk9UbW8ycQpWcVdOOURtc2hLZFNmdGZQOXhBTHEyV0pST2Y3RnAzSisxQVpBajZ2WHNzS1NMQTJJUUtDQVFFQXdDNXRWckNTClZ1bnRSTDVtNHprUWRiQ0NMdlQzbG45bnQwNnd4L2pJdFdoclFqT1lQOFJyMzBRbU9uM3daSVg1dHg3S3U4bk4KTE8reXByVWg0bzZlN2dOMVFyTEZzWEpReXhZUTZsNUxiVDg2Y0xXVGl4K3lUQlhXRTVhQUZUMlFiUDFhMnpVYgo5RmJEMkZ6S2o5ejBRQlRkdlhhaGFmQjFRS0ZaSTVSU3QxK29JeXAxOUZDMG9SUWR3NklSSSs0RTJQWUluaFZmCmk5eis1YTdobUVPK1p5RW5jTjliYk1ROG1Dc3I5dmNXOFJXR3UyU1dvUGZkWjl5RXRwcytRRXQ3V1dWQ0orR2EKZVAyS2UrQ3J1TlY1ajBuMUs5TER5WG9HdERnZENrR0N3VzZKczJRZ1grcmYrTkw0WHlsNnZyeFUyajNkMXJYcApFR3ljYWNPdEtsYy9Td0tDQVFFQTQrZHRGWC9XbkJjR0FRVWwwd2FsWURJR3Z2QzB6aXB1WnFVNWJEOUJiYWszCnZEWFBLUS9YbWs2NlZXWGUyZ3ZmOVFwZDYvamFyZHNURkVUQlk0VE1GeHRzblk5YTlrNTZiMnhSN0VLTG9qMnkKOW1SYVJFU2x4d3IvY3NwaUNjMEVtMmFkLzZsWTFCL3p1eVIwdzRzYVV4UjNjWWxTRDhYUE4vRGVibHdrajhtegpuMzNlQVRXWkdKRXNVaHdoU1pKTlFtMzNLZURENWllQ2JSMGNGSTNUaXBnTzRjU1R2eWtJR1gvNnBrSTVWNm02Ck1ZdE5YNW4wd2ZyN052WVdQQ0ExODBicEJaRStyVGFLTXpKV3VMV1J4WkdlZjdlTjlqNVM3RzJsWXNxYzBwQWgKUmUrTjhBVkhucTFCQW00b0szYnc4ZitpYUg5TGczdGNoMStsZldkL3NRS0NBUUF0RG5WNS9wbkFvTVdNK1dyYgoyUFFmODRzQ0FWTE95UDRDL3dMNVR6MlhNbXo3TDJlQmc4YWFxTHFodWdjVE9rbnFnZUNjR0Zydkx4OWVjRmNLCmE4K2RFOWg1RTdxL3VJSnlxckM2a2ZMeklRRE5qZlNTaUpMZnZicmNDc3ZxcnUxZWNDUE9BdXlUNDRlMUFVUkkKYUZBbmVmem12NXBtWVFiTWFVZWh6Tk43eElTQ0FpRjNiemg2RDJKUERIOGlRbHFHbDJBNzE5ejN5STlHUURNSgo1TkFPRTdyUWZyMUxpZEovQnBnZkpaME9WcktvMnBOcUY5S2oyQktSVVdKTjVxUjd0LzdEcE9QM2U5SHM2eWEzCmhlMGpCLzdnRUdEd3FwaEp4bUlnbG0xV2RsajRZd0FvSE1QMzdWWm4wU3pDN1JxanRCOS9pRlNsRWlHMXRqZXkKRnBSekFvSUJBR0c5NERmSFF2aGdtMitXa0psSGtXZUhMUU40NG1KRkttSVZYR0pEWXNFd1FMb1ViY3RUZ3drbgoySnhGZTJVU2tMTmNCZG50T1lRMG42TWl0Ym9EdXkveDBBeG03Z0VTdVVuT0wvaGV0ZG9ZRWdmQUZFS1JHblFhCkVHSmZ6OW9hTm02YmZRbW56SFAxWENlWHhBZ1ZRVzMrS2hma1ovQmh5clJZTmwwb1lYblZiSmJyZVdvVlhacCsKc0g1cW1CQWdrY2Y2dDNVYmM0aml5dm9XOFBNVHZIVUZMK1M5MVF1NEFrUkZjZThhR2RPeDlDdkpiWjZodmFudwpCUXVXVVFUcVg1ajlnWFNrelRlbVczRUhscy9TOXppL2NqV2VPR0V5YTRnQW9seVRQdHpEZWJHdndyVDgzckY3CjVwU3ZQOFVjVnN2QzhobFU5c0xtQmxIOHdGSGZNSkVDZ2dFQVZ4dnVLdGFpMnd3WEVzZmFPZDdRNlJUTnpDVWEKanB4QTVLQ2JlMnZXYTNYTmVIYXVidGQwSkVIbjdhSkJlQmN0a2JQSlc1cWV2ekEvYXNSSGloWWg0Z242N1o5eApBNnVpVTdTZkhZWXJrczRCNW1Sb0FyZ2tPM0NRclduT3daa1hDR29TdlpvZXlJbHlodXkrM0J3U2VLbzQwVnJDClFxaUk3SC84aiswbVRWbHhxSUxYVmErdUpzUE9sMFN4a1kyVGI0d3hQalAwSS8vckpTalowZ05Va0JaUThPWVYKVHZpbk5DaXlKNFFqdnBvZzB5eXpLUW1VV0o4d1BKTml0KzkxYXEreGlHSUYvZTRucmtrVTRSTFl0cVdjNmlxLwpQaGVIYkRGUWdqSFB4YkI4cU16VzYrd1o5QlJBaThJdHVnZzNybUY2b2pLUEE4WTh5N0dXS1FGL3dnPT0KLS0tLS1FTkQgUlNBIFBSSVZBVEUgS0VZLS0tLS0K\n    token: q09e5eyotjo63t2g1z4vh0zyks295vt9f3ko78vnkfhy7mcej38q5lnn3dj08r41bvh62zue15jn2q7gjtxp0qrgc5b12kjik2vp4r8f8nv0vsfkiff6k42hc3ttvtxc\n",
            "content_base64": null,
            "content_base64sha256": "nHQnnZIiwx/zgAB5FYEc6MA3EPtzeIE4mAmv8ZlnraE=",
            "content_base64sha512": "rIQbGAmhtb7l69U18bHFgYlPtAHnotbsquOdGFpblbrh6exLYoGMBKFux0id7/Y2qZnbTgL9k9v1i8ALf9bB3g==",
            "content_md5": "17abc1a454d8a58790815fd97dc9cfad",
            "content_sha1": "bf1769d9c0a9d9c9f0fa8db8e5929f1fc264ae33",
            "content_sha256": "9c74279d9222c31ff380007915811ce8c03710fb737881389809aff19967ada1",
            "content_sha512": "ac841b1809a1b5bee5ebd535f1b1c581894fb401e7a2d6ecaae39d185a5b95bae1e9ec4b62818c04a16ec7489deff636a999db4e02fd93dbf58bc00b7fd6c1de",
            "directory_permission": "0777",
            "file_permission": "0777",
            "filename": "./kubeconfig",
            "id": "bf1769d9c0a9d9c9f0fa8db8e5929f1fc264ae33",
            "sensitive_content": null,
            "source": null
          },
          "sensitive_attributes": [
            [
              {
                "type": "get_attr",
                "value": "content"
              }
            ]
          ],
          "dependencies": [
            "azurerm_resource_group.rg1",
            "module.ServicePrincipal.azuread_application.main",
            "module.ServicePrincipal.azuread_service_principal.main",
            "module.ServicePrincipal.azuread_service_principal_password.main",
            "module.ServicePrincipal.data.azuread_client_config.current",
            "module.aks.azurerm_container_registry.acr",
            "module.aks.azurerm_kubernetes_cluster.aks-cluster",
            "module.aks.azurerm_role_assignment.role_acrpull",
            "module.aks.data.azurerm_kubernetes_service_versions.current"
          ]
        }
      ]
    },
    {
      "module": "module.ServicePrincipal",
      "mode": "data",
      "type": "azuread_client_config",
      "name": "current",
      "provider": "provider[\"registry.terraform.io/hashicorp/azuread\"]",
      "instances": [
        {
          "schema_version": 0,
          "attributes": {
            "client_id": "04b07795-8ddb-461a-bbee-02f9e1bf7b46",
            "id": "dfd7834a-f2c6-45da-ad99-d032066436f6-04b07795-8ddb-461a-bbee-02f9e1bf7b46-fa076f74-5727-44a8-82c7-e890ae4ebdd6",
            "object_id": "fa076f74-5727-44a8-82c7-e890ae4ebdd6",
            "tenant_id": "dfd7834a-f2c6-45da-ad99-d032066436f6",
            "timeouts": null
          },
          "sensitive_attributes": []
        }
      ]
    },
    {
      "module": "module.ServicePrincipal",
      "mode": "managed",
      "type": "azuread_application",
      "name": "main",
      "provider": "provider[\"registry.terraform.io/hashicorp/azuread\"]",
      "instances": [
        {
          "schema_version": 1,
          "attributes": {
            "api": [
              {
                "known_client_applications": [],
                "mapped_claims_enabled": false,
                "oauth2_permission_scope": [],
                "requested_access_token_version": 1
              }
            ],
            "app_role": [],
            "app_role_ids": {},
            "application_id": "a23e516a-f083-4ab1-9c2b-2dcc622dcca4",
            "description": "",
            "device_only_auth_enabled": false,
            "disabled_by_microsoft": "\u003cnil\u003e",
            "display_name": "test-neyo-spn",
            "fallback_public_client_enabled": false,
            "feature_tags": [
              {
                "custom_single_sign_on": false,
                "enterprise": false,
                "gallery": false,
                "hide": false
              }
            ],
            "group_membership_claims": [],
            "id": "2757fc2b-5c8f-435d-8a97-22901da311fd",
            "identifier_uris": [],
            "logo_image": "",
            "logo_url": "",
            "marketing_url": "",
            "notes": "",
            "oauth2_permission_scope_ids": {},
            "oauth2_post_response_required": false,
            "object_id": "2757fc2b-5c8f-435d-8a97-22901da311fd",
            "optional_claims": [
              {
                "access_token": [],
                "id_token": [],
                "saml2_token": []
              }
            ],
            "owners": [
              "fa076f74-5727-44a8-82c7-e890ae4ebdd6"
            ],
            "prevent_duplicate_names": false,
            "privacy_statement_url": "",
            "public_client": [
              {
                "redirect_uris": []
              }
            ],
            "publisher_domain": "solarwhize.com",
            "required_resource_access": [],
            "service_management_reference": "",
            "sign_in_audience": "AzureADMyOrg",
            "single_page_application": [
              {
                "redirect_uris": []
              }
            ],
            "support_url": "",
            "tags": [],
            "template_id": "",
            "terms_of_service_url": "",
            "timeouts": null,
            "web": [
              {
                "homepage_url": "",
                "implicit_grant": [
                  {
                    "access_token_issuance_enabled": false,
                    "id_token_issuance_enabled": false
                  }
                ],
                "logout_url": "",
                "redirect_uris": []
              }
            ]
          },
          "sensitive_attributes": [],
          "private": "eyJlMmJmYjczMC1lY2FhLTExZTYtOGY4OC0zNDM2M2JjN2M0YzAiOnsiY3JlYXRlIjo2MDAwMDAwMDAwMDAsImRlbGV0ZSI6MzAwMDAwMDAwMDAwLCJyZWFkIjozMDAwMDAwMDAwMDAsInVwZGF0ZSI6NjAwMDAwMDAwMDAwfSwic2NoZW1hX3ZlcnNpb24iOiIxIn0=",
          "dependencies": [
            "azurerm_resource_group.rg1",
            "module.ServicePrincipal.data.azuread_client_config.current"
          ]
        }
      ]
    },
    {
      "module": "module.ServicePrincipal",
      "mode": "managed",
      "type": "azuread_service_principal",
      "name": "main",
      "provider": "provider[\"registry.terraform.io/hashicorp/azuread\"]",
      "instances": [
        {
          "schema_version": 0,
          "attributes": {
            "account_enabled": true,
            "alternative_names": [],
            "app_role_assignment_required": true,
            "app_role_ids": {},
            "app_roles": [],
            "application_id": "a23e516a-f083-4ab1-9c2b-2dcc622dcca4",
            "application_tenant_id": "dfd7834a-f2c6-45da-ad99-d032066436f6",
            "description": "",
            "display_name": "test-neyo-spn",
            "feature_tags": [
              {
                "custom_single_sign_on": false,
                "enterprise": false,
                "gallery": false,
                "hide": false
              }
            ],
            "features": [
              {
                "custom_single_sign_on_app": false,
                "enterprise_application": false,
                "gallery_application": false,
                "visible_to_users": true
              }
            ],
            "homepage_url": "",
            "id": "8377d2ff-75fb-46c2-aa7a-20568bed0542",
            "login_url": "",
            "logout_url": "",
            "notes": "",
            "notification_email_addresses": [],
            "oauth2_permission_scope_ids": {},
            "oauth2_permission_scopes": [],
            "object_id": "8377d2ff-75fb-46c2-aa7a-20568bed0542",
            "owners": [
              "fa076f74-5727-44a8-82c7-e890ae4ebdd6"
            ],
            "preferred_single_sign_on_mode": "",
            "redirect_uris": [],
            "saml_metadata_url": "",
            "saml_single_sign_on": [
              {
                "relay_state": ""
              }
            ],
            "service_principal_names": [],
            "sign_in_audience": "AzureADMyOrg",
            "tags": [],
            "timeouts": null,
            "type": "Application",
            "use_existing": null
          },
          "sensitive_attributes": [],
          "private": "eyJlMmJmYjczMC1lY2FhLTExZTYtOGY4OC0zNDM2M2JjN2M0YzAiOnsiY3JlYXRlIjo2MDAwMDAwMDAwMDAsImRlbGV0ZSI6MzAwMDAwMDAwMDAwLCJyZWFkIjozMDAwMDAwMDAwMDAsInVwZGF0ZSI6NjAwMDAwMDAwMDAwfX0=",
          "dependencies": [
            "azurerm_resource_group.rg1",
            "module.ServicePrincipal.azuread_application.main",
            "module.ServicePrincipal.data.azuread_client_config.current"
          ]
        }
      ]
    },
    {
      "module": "module.ServicePrincipal",
      "mode": "managed",
      "type": "azuread_service_principal_password",
      "name": "main",
      "provider": "provider[\"registry.terraform.io/hashicorp/azuread\"]",
      "instances": [
        {
          "schema_version": 1,
          "attributes": {
            "display_name": null,
            "end_date": "2025-08-27T18:57:50Z",
            "end_date_relative": null,
            "id": "8377d2ff-75fb-46c2-aa7a-20568bed0542/password/e6460144-82a1-492e-94f5-aa9f5ebba75c",
            "key_id": "e6460144-82a1-492e-94f5-aa9f5ebba75c",
            "rotate_when_changed": null,
            "service_principal_id": "8377d2ff-75fb-46c2-aa7a-20568bed0542",
            "start_date": "2023-08-27T18:57:50Z",
            "timeouts": null,
            "value": "zVm8Q~HXd.abKxlkuHCDhFOjeot1VPALXM41WdyN"
          },
          "sensitive_attributes": [],
          "private": "eyJlMmJmYjczMC1lY2FhLTExZTYtOGY4OC0zNDM2M2JjN2M0YzAiOnsiY3JlYXRlIjozMDAwMDAwMDAwMDAsImRlbGV0ZSI6MzAwMDAwMDAwMDAwLCJyZWFkIjozMDAwMDAwMDAwMDAsInVwZGF0ZSI6MzAwMDAwMDAwMDAwfSwic2NoZW1hX3ZlcnNpb24iOiIxIn0=",
          "dependencies": [
            "azurerm_resource_group.rg1",
            "module.ServicePrincipal.azuread_application.main",
            "module.ServicePrincipal.azuread_service_principal.main",
            "module.ServicePrincipal.data.azuread_client_config.current"
          ]
        }
      ]
    },
    {
      "module": "module.aks",
      "mode": "data",
      "type": "azurerm_kubernetes_service_versions",
      "name": "current",
      "provider": "provider[\"registry.terraform.io/hashicorp/azurerm\"]",
      "instances": [
        {
          "schema_version": 0,
          "attributes": {
            "id": "/subscriptions/c7159b76-0836-4a8d-99df-ab0ef217acb0/providers/Microsoft.ContainerService/locations/eastus",
            "include_preview": false,
            "latest_version": "1.27.3",
            "location": "eastus",
            "timeouts": null,
            "version_prefix": null,
            "versions": [
              "1.27.3",
              "1.27.1",
              "1.26.6",
              "1.26.3",
              "1.25.11",
              "1.25.6"
            ]
          },
          "sensitive_attributes": []
        }
      ]
    },
    {
      "module": "module.aks",
      "mode": "managed",
      "type": "azurerm_container_registry",
      "name": "acr",
      "provider": "provider[\"registry.terraform.io/hashicorp/azurerm\"]",
      "instances": [
        {
          "schema_version": 2,
          "attributes": {
            "admin_enabled": false,
            "admin_password": "",
            "admin_username": "",
            "anonymous_pull_enabled": false,
            "data_endpoint_enabled": false,
            "encryption": [
              {
                "enabled": false,
                "identity_client_id": "",
                "key_vault_key_id": ""
              }
            ],
            "export_policy_enabled": true,
            "georeplications": [],
            "id": "/subscriptions/c7159b76-0836-4a8d-99df-ab0ef217acb0/resourceGroups/test-neyo-rg/providers/Microsoft.ContainerRegistry/registries/neyoacr",
            "identity": [],
            "location": "eastus",
            "login_server": "neyoacr.azurecr.io",
            "name": "neyoacr",
            "network_rule_bypass_option": "AzureServices",
            "network_rule_set": [],
            "public_network_access_enabled": true,
            "quarantine_policy_enabled": false,
            "resource_group_name": "test-neyo-rg",
            "retention_policy": [
              {
                "days": 7,
                "enabled": false
              }
            ],
            "sku": "Standard",
            "tags": {},
            "timeouts": null,
            "trust_policy": [
              {
                "enabled": false
              }
            ],
            "zone_redundancy_enabled": false
          },
          "sensitive_attributes": [],
          "private": "eyJlMmJmYjczMC1lY2FhLTExZTYtOGY4OC0zNDM2M2JjN2M0YzAiOnsiY3JlYXRlIjoxODAwMDAwMDAwMDAwLCJkZWxldGUiOjE4MDAwMDAwMDAwMDAsInJlYWQiOjMwMDAwMDAwMDAwMCwidXBkYXRlIjoxODAwMDAwMDAwMDAwfSwic2NoZW1hX3ZlcnNpb24iOiIyIn0=",
          "dependencies": [
            "azurerm_resource_group.rg1",
            "module.ServicePrincipal.azuread_application.main",
            "module.ServicePrincipal.azuread_service_principal.main",
            "module.ServicePrincipal.azuread_service_principal_password.main",
            "module.ServicePrincipal.data.azuread_client_config.current"
          ]
        }
      ]
    },
    {
      "module": "module.aks",
      "mode": "managed",
      "type": "azurerm_kubernetes_cluster",
      "name": "aks-cluster",
      "provider": "provider[\"registry.terraform.io/hashicorp/azurerm\"]",
      "instances": [
        {
          "schema_version": 2,
          "attributes": {
            "aci_connector_linux": [],
            "api_server_access_profile": [],
            "api_server_authorized_ip_ranges": [],
            "auto_scaler_profile": [
              {
                "balance_similar_node_groups": false,
                "empty_bulk_delete_max": "10",
                "expander": "random",
                "max_graceful_termination_sec": "600",
                "max_node_provisioning_time": "15m",
                "max_unready_nodes": 3,
                "max_unready_percentage": 45,
                "new_pod_scale_up_delay": "0s",
                "scale_down_delay_after_add": "10m",
                "scale_down_delay_after_delete": "10s",
                "scale_down_delay_after_failure": "3m",
                "scale_down_unneeded": "10m",
                "scale_down_unready": "20m",
                "scale_down_utilization_threshold": "0.5",
                "scan_interval": "10s",
                "skip_nodes_with_local_storage": false,
                "skip_nodes_with_system_pods": true
              }
            ],
            "automatic_channel_upgrade": "",
            "azure_active_directory_role_based_access_control": [],
            "azure_policy_enabled": null,
            "confidential_computing": [],
            "custom_ca_trust_certificates_base64": [],
            "default_node_pool": [
              {
                "capacity_reservation_group_id": "",
                "custom_ca_trust_enabled": false,
                "enable_auto_scaling": true,
                "enable_host_encryption": false,
                "enable_node_public_ip": false,
                "fips_enabled": false,
                "host_group_id": "",
                "kubelet_config": [],
                "kubelet_disk_type": "OS",
                "linux_os_config": [],
                "max_count": 3,
                "max_pods": 30,
                "message_of_the_day": "",
                "min_count": 1,
                "name": "defaultpool",
                "node_count": 1,
                "node_labels": {
                  "environment": "prod",
                  "nodepool-type": "system",
                  "nodepoolos": "linux"
                },
                "node_network_profile": [],
                "node_public_ip_prefix_id": "",
                "node_taints": [],
                "only_critical_addons_enabled": false,
                "orchestrator_version": "1.27.3",
                "os_disk_size_gb": 30,
                "os_disk_type": "Managed",
                "os_sku": "Ubuntu",
                "pod_subnet_id": "",
                "proximity_placement_group_id": "",
                "scale_down_mode": "Delete",
                "snapshot_id": "",
                "tags": {
                  "environment": "prod",
                  "nodepool-type": "system",
                  "nodepoolos": "linux"
                },
                "temporary_name_for_rotation": "",
                "type": "VirtualMachineScaleSets",
                "ultra_ssd_enabled": false,
                "upgrade_settings": [],
                "vm_size": "Standard_DS2_v2",
                "vnet_subnet_id": "",
                "workload_runtime": "",
                "zones": [
                  "1",
                  "2",
                  "3"
                ]
              }
            ],
            "disk_encryption_set_id": "",
            "dns_prefix": "test-neyo-rg-cluster",
            "dns_prefix_private_cluster": "",
            "edge_zone": "",
            "enable_pod_security_policy": false,
            "fqdn": "test-neyo-rg-cluster-kiwlkorh.hcp.eastus.azmk8s.io",
            "http_application_routing_enabled": null,
            "http_application_routing_zone_name": null,
            "http_proxy_config": [],
            "id": "/subscriptions/c7159b76-0836-4a8d-99df-ab0ef217acb0/resourceGroups/test-neyo-rg/providers/Microsoft.ContainerService/managedClusters/neyo-aks-cluster",
            "identity": [],
            "image_cleaner_enabled": false,
            "image_cleaner_interval_hours": 48,
            "ingress_application_gateway": [],
            "key_management_service": [],
            "key_vault_secrets_provider": [],
            "kube_admin_config": [],
            "kube_admin_config_raw": "",
            "kube_config": [
              {
                "client_certificate": "LS0tLS1CRUdJTiBDRVJUSUZJQ0FURS0tLS0tCk1JSUZIakNDQXdhZ0F3SUJBZ0lSQU5sRWUvc1l0YXdxaFU4SHRVTzdsekl3RFFZSktvWklodmNOQVFFTEJRQXcKRFRFTE1Ba0dBMVVFQXhNQ1kyRXdIaGNOTWpNd09UQXlNVEl4TVRFM1doY05NalV3T1RBeU1USXlNVEUzV2pBdwpNUmN3RlFZRFZRUUtFdzV6ZVhOMFpXMDZiV0Z6ZEdWeWN6RVZNQk1HQTFVRUF4TU1iV0Z6ZEdWeVkyeHBaVzUwCk1JSUNJakFOQmdrcWhraUc5dzBCQVFFRkFBT0NBZzhBTUlJQ0NnS0NBZ0VBcXhibXZIQWdIS09nMm4yRlJ5TzcKdmVtb3A5U21tNmwzNjE4M0dwRzE5bWtKYjdrNkZpMXp0SGRYeE9obFJpTDI5dWkyckcrOWhDRGRPR3BtZENpLwprbEZaN2Qzbmx6cGUwUGFWMm9iUEtIMUFuSWVBZGhvVk94Mng2Vkw2SCtmck1xRDJ4N3BDa1dVOStVcFVycEl5CmxSNDVXQWpUL3JLSUIvNU5HVmUwT3ExUytPY2J2N0wwZGdGRlUvQUY1SVNDWUc2ZnVIM2pNSFZYamV1OFpqOGoKWDM2UTdxTlJNaG9mVnhhSmtnZTU2UDhxamRnSFYrdi8yYnhweWszckRsbDliVHZ2eSt5TG1LZFNMZHh5M2FsTgpZWTdqclFtSkpaWDZYMzMvZi83a01QcXp3ZGhRa3BnWGxqa3p1d0pkamV5U3pEWWd6NUUxS25rWG1mbXJvR1laCityS0xzVktBTXpuZDByNlM2czNrSlk0WmxMK1VzRXg0dVZFUDY2Wm1NejhFRjBoNEE3YzYwcDk5czRxNmFwZnQKSWFLQzh3Si83ZEpuZU8reldQZ2d4VVlxU1dsSVpYVk1aZWxaQ0hSOWY2TEIzYTRVbmRrV0pjeVF2M1VwVG1TYgp5Q3hiR3Q5a3hoQjZQOGo5MDJObTk3UDBTQ3VhUzkxemliWXJPOWVQT1o1QzJuYTBocmhQSldhdXQxTmR1VFVNCkkzZVNsekhOaW1DOWVvbCtsclN6SDAxZ3VhcUtHN2FlRXN1L0tMbGtWYS95K1YvS3hNL2ZkQUVEZFFpcFJvMlMKVWp1Q2dVZW1BNFFiRFJnd1VTVm9mQTlEd1hEbUQzWEVyOTQ1ZitKN0V5L0N5Ulp4a01MMzNIQkppZ1pGZkZDNgpFNjI1d3UxQjlhbm01TkYyRktUbDk5c0NBd0VBQWFOV01GUXdEZ1lEVlIwUEFRSC9CQVFEQWdXZ01CTUdBMVVkCkpRUU1NQW9HQ0NzR0FRVUZCd01DTUF3R0ExVWRFd0VCL3dRQ01BQXdId1lEVlIwakJCZ3dGb0FVUUpHV011NGMKbjFhUkZIb0gzd1o0cC9RVk1nd3dEUVlKS29aSWh2Y05BUUVMQlFBRGdnSUJBQldKdEdTc1grK0VBdW1SU0RIZApTR0Jkc1JtUWp3SFVrbllidWVyemU3K0JCRTg5Nm5zZHY5MkpGa1JNcmNPOVgxc1IyUnZyVlBwc0xOVlhSbUFJCkFJeS9hWGpsZ1pCRjZXK2FTbjlTUUN1MzFrZ3JXYThzZVZlZVh1Slo4ZGdQL1Z6RlRJdFNEajA0Y091QXkwalQKK3k5dUpuK3NhTzk1QUliNFhYR1d1NmJSVVV0My9kNXh2Qitod05lVlpaRlZTUG83VzRwQkx0UjBnZTF3QjRZYgozWHBMVXl5Qkh0Tjlkbm8xYWRDWXlDQ29Oak9WUmppaU1aYmY1ZHlXSEdpT0RpRUFSNVg4cGxJQ29DNVZUQnVMCnpsSzg1cW5Qdmd5NTFVczlHWE92YytIOHFRN3EzYWh2WGtpbStWN29POGxZQjN1TzBjcVY1OGJRRXE2U01sUUcKUDlZNXBGR2IvRlk3TzNsZ25neVRIRmY0RHRJbFgvR29kTW0wSWltekdHeURZTHRxRGt1WkRQRVovSGZTb05aNwpBT2dQbVhqQTk5V0pVMWJRYXE4aVBkV2l1RzV5cjU4Q2Q4b1U4ZGlFR2gxQlE4UjgwaGIxR3pHdnJMN3J4a1N1Ckh6VG43ZnM2QjNETHFEUy9ZaDNxUWZzRWxjVDNQcnRZbmhBbmFYaFhXN3g4R1hyc1NWb0o0MkkyK3JLYXNYMkUKRmVrTzdBYnlkUnRtdWZHdkd3WWVpYlJwQlc1Vld6YlhpekZIRWpidDFMc0NIeHFoVGt1NDhPcE01dnBBQjJvQwpCK1U3MmxudG1yT3U5TkRmZnpSUWtUVC9Hd2VDcHRhVUozNElLaUxlWCtwblMrOWVMVVNPMEtYZmJjVk9hOEIzCmo5cUdBdTkxQUdETFRmMjc4Q0FKc1NvRAotLS0tLUVORCBDRVJUSUZJQ0FURS0tLS0tCg==",
                "client_key": "LS0tLS1CRUdJTiBSU0EgUFJJVkFURSBLRVktLS0tLQpNSUlKSndJQkFBS0NBZ0VBcXhibXZIQWdIS09nMm4yRlJ5Tzd2ZW1vcDlTbW02bDM2MTgzR3BHMTlta0piN2s2CkZpMXp0SGRYeE9obFJpTDI5dWkyckcrOWhDRGRPR3BtZENpL2tsRlo3ZDNubHpwZTBQYVYyb2JQS0gxQW5JZUEKZGhvVk94Mng2Vkw2SCtmck1xRDJ4N3BDa1dVOStVcFVycEl5bFI0NVdBalQvcktJQi81TkdWZTBPcTFTK09jYgp2N0wwZGdGRlUvQUY1SVNDWUc2ZnVIM2pNSFZYamV1OFpqOGpYMzZRN3FOUk1ob2ZWeGFKa2dlNTZQOHFqZGdIClYrdi8yYnhweWszckRsbDliVHZ2eSt5TG1LZFNMZHh5M2FsTllZN2pyUW1KSlpYNlgzMy9mLzdrTVBxendkaFEKa3BnWGxqa3p1d0pkamV5U3pEWWd6NUUxS25rWG1mbXJvR1laK3JLTHNWS0FNem5kMHI2UzZzM2tKWTRabEwrVQpzRXg0dVZFUDY2Wm1NejhFRjBoNEE3YzYwcDk5czRxNmFwZnRJYUtDOHdKLzdkSm5lTyt6V1BnZ3hVWXFTV2xJClpYVk1aZWxaQ0hSOWY2TEIzYTRVbmRrV0pjeVF2M1VwVG1TYnlDeGJHdDlreGhCNlA4ajkwMk5tOTdQMFNDdWEKUzkxemliWXJPOWVQT1o1QzJuYTBocmhQSldhdXQxTmR1VFVNSTNlU2x6SE5pbUM5ZW9sK2xyU3pIMDFndWFxSwpHN2FlRXN1L0tMbGtWYS95K1YvS3hNL2ZkQUVEZFFpcFJvMlNVanVDZ1VlbUE0UWJEUmd3VVNWb2ZBOUR3WERtCkQzWEVyOTQ1ZitKN0V5L0N5Ulp4a01MMzNIQkppZ1pGZkZDNkU2MjV3dTFCOWFubTVORjJGS1RsOTlzQ0F3RUEKQVFLQ0FnQkFyVlNtc2VDQjB4Mncyeml5RHdFZkp5QzU2WHJlWjY5TXpGN2hiV29UYjl2QVg0NWs2ZVBPdWpyMAoxa0hLeE5jRnVpMnNmRVZ4bUpib2g5aVpXdm9venhZbkJQZFN4UjhvOGI3dXNIM0p1YWZlUko4OGhsbTJVbUI2CmF3TGhZdVFYN0orK0cxeWs2RmdJVUtBNHFrM3k3MDBRU2E0U245MHE0R2kzQnQrOE90K2Q5b2dYN1FmYlFGbTgKQklYRndJNGs5RXp2Q3JBREZxajFuc05IQitGUWJXRk94WENoZHh5WDZJNHpKVGFUclRxaUNxT2tDalJiVkkzTgppNjByYklzczZ6YVlxYUNRSWRqQU81RTAySmJISmFST09zZWM3TmlNbHU0cXJlb0gxZzUwWGxqL1FmM1FyV2t2CjdoSDk0QXdTcFBlOFlCRndML3pMR1laWENhSVI4L1I2Ty9DMzhCZjVad3RGYjd5YSsxSGI1dlc1alQwNXlJMXkKd241T3ppRFc4MVFZcE03Q21MdnY3Q0dLOHJtK041UDBHbDlvL3RVL0xkUmFlT2Z4VVp1RkZWaklVOGZOdndDbgo5VWlBZGNQZTdZWkJYRGphSTVyNkhXbW8vSmVLZExNdEtmYTQ3WGRnVzQvdnpTZzVhMHN0bG02bXNYWFFvaHVoCmNNdzJmWVRHMER1NFNNaHlPQmpUTWpPSFdSSXpJQjBBNG1NcXAxNUgzL1NlUTB0eUM4OEVxUXI3bGFhSEUzYXkKNFlFbDlzQ25uc3U5cHNDYlNPTjJNanJZS01Hb253RnA1VmVvVVgxS05UcCtFU0xLUmIyeVorUnBrRk9UbW8ycQpWcVdOOURtc2hLZFNmdGZQOXhBTHEyV0pST2Y3RnAzSisxQVpBajZ2WHNzS1NMQTJJUUtDQVFFQXdDNXRWckNTClZ1bnRSTDVtNHprUWRiQ0NMdlQzbG45bnQwNnd4L2pJdFdoclFqT1lQOFJyMzBRbU9uM3daSVg1dHg3S3U4bk4KTE8reXByVWg0bzZlN2dOMVFyTEZzWEpReXhZUTZsNUxiVDg2Y0xXVGl4K3lUQlhXRTVhQUZUMlFiUDFhMnpVYgo5RmJEMkZ6S2o5ejBRQlRkdlhhaGFmQjFRS0ZaSTVSU3QxK29JeXAxOUZDMG9SUWR3NklSSSs0RTJQWUluaFZmCmk5eis1YTdobUVPK1p5RW5jTjliYk1ROG1Dc3I5dmNXOFJXR3UyU1dvUGZkWjl5RXRwcytRRXQ3V1dWQ0orR2EKZVAyS2UrQ3J1TlY1ajBuMUs5TER5WG9HdERnZENrR0N3VzZKczJRZ1grcmYrTkw0WHlsNnZyeFUyajNkMXJYcApFR3ljYWNPdEtsYy9Td0tDQVFFQTQrZHRGWC9XbkJjR0FRVWwwd2FsWURJR3Z2QzB6aXB1WnFVNWJEOUJiYWszCnZEWFBLUS9YbWs2NlZXWGUyZ3ZmOVFwZDYvamFyZHNURkVUQlk0VE1GeHRzblk5YTlrNTZiMnhSN0VLTG9qMnkKOW1SYVJFU2x4d3IvY3NwaUNjMEVtMmFkLzZsWTFCL3p1eVIwdzRzYVV4UjNjWWxTRDhYUE4vRGVibHdrajhtegpuMzNlQVRXWkdKRXNVaHdoU1pKTlFtMzNLZURENWllQ2JSMGNGSTNUaXBnTzRjU1R2eWtJR1gvNnBrSTVWNm02Ck1ZdE5YNW4wd2ZyN052WVdQQ0ExODBicEJaRStyVGFLTXpKV3VMV1J4WkdlZjdlTjlqNVM3RzJsWXNxYzBwQWgKUmUrTjhBVkhucTFCQW00b0szYnc4ZitpYUg5TGczdGNoMStsZldkL3NRS0NBUUF0RG5WNS9wbkFvTVdNK1dyYgoyUFFmODRzQ0FWTE95UDRDL3dMNVR6MlhNbXo3TDJlQmc4YWFxTHFodWdjVE9rbnFnZUNjR0Zydkx4OWVjRmNLCmE4K2RFOWg1RTdxL3VJSnlxckM2a2ZMeklRRE5qZlNTaUpMZnZicmNDc3ZxcnUxZWNDUE9BdXlUNDRlMUFVUkkKYUZBbmVmem12NXBtWVFiTWFVZWh6Tk43eElTQ0FpRjNiemg2RDJKUERIOGlRbHFHbDJBNzE5ejN5STlHUURNSgo1TkFPRTdyUWZyMUxpZEovQnBnZkpaME9WcktvMnBOcUY5S2oyQktSVVdKTjVxUjd0LzdEcE9QM2U5SHM2eWEzCmhlMGpCLzdnRUdEd3FwaEp4bUlnbG0xV2RsajRZd0FvSE1QMzdWWm4wU3pDN1JxanRCOS9pRlNsRWlHMXRqZXkKRnBSekFvSUJBR0c5NERmSFF2aGdtMitXa0psSGtXZUhMUU40NG1KRkttSVZYR0pEWXNFd1FMb1ViY3RUZ3drbgoySnhGZTJVU2tMTmNCZG50T1lRMG42TWl0Ym9EdXkveDBBeG03Z0VTdVVuT0wvaGV0ZG9ZRWdmQUZFS1JHblFhCkVHSmZ6OW9hTm02YmZRbW56SFAxWENlWHhBZ1ZRVzMrS2hma1ovQmh5clJZTmwwb1lYblZiSmJyZVdvVlhacCsKc0g1cW1CQWdrY2Y2dDNVYmM0aml5dm9XOFBNVHZIVUZMK1M5MVF1NEFrUkZjZThhR2RPeDlDdkpiWjZodmFudwpCUXVXVVFUcVg1ajlnWFNrelRlbVczRUhscy9TOXppL2NqV2VPR0V5YTRnQW9seVRQdHpEZWJHdndyVDgzckY3CjVwU3ZQOFVjVnN2QzhobFU5c0xtQmxIOHdGSGZNSkVDZ2dFQVZ4dnVLdGFpMnd3WEVzZmFPZDdRNlJUTnpDVWEKanB4QTVLQ2JlMnZXYTNYTmVIYXVidGQwSkVIbjdhSkJlQmN0a2JQSlc1cWV2ekEvYXNSSGloWWg0Z242N1o5eApBNnVpVTdTZkhZWXJrczRCNW1Sb0FyZ2tPM0NRclduT3daa1hDR29TdlpvZXlJbHlodXkrM0J3U2VLbzQwVnJDClFxaUk3SC84aiswbVRWbHhxSUxYVmErdUpzUE9sMFN4a1kyVGI0d3hQalAwSS8vckpTalowZ05Va0JaUThPWVYKVHZpbk5DaXlKNFFqdnBvZzB5eXpLUW1VV0o4d1BKTml0KzkxYXEreGlHSUYvZTRucmtrVTRSTFl0cVdjNmlxLwpQaGVIYkRGUWdqSFB4YkI4cU16VzYrd1o5QlJBaThJdHVnZzNybUY2b2pLUEE4WTh5N0dXS1FGL3dnPT0KLS0tLS1FTkQgUlNBIFBSSVZBVEUgS0VZLS0tLS0K",
                "cluster_ca_certificate": "LS0tLS1CRUdJTiBDRVJUSUZJQ0FURS0tLS0tCk1JSUU2VENDQXRHZ0F3SUJBZ0lSQUlYdFI5MDQxc3RCbHlNanZMYWlaVDB3RFFZSktvWklodmNOQVFFTEJRQXcKRFRFTE1Ba0dBMVVFQXhNQ1kyRXdJQmNOTWpNd09UQXlNVEl4TVRFM1doZ1BNakExTXpBNU1ESXhNakl4TVRkYQpNQTB4Q3pBSkJnTlZCQU1UQW1OaE1JSUNJakFOQmdrcWhraUc5dzBCQVFFRkFBT0NBZzhBTUlJQ0NnS0NBZ0VBCnZjMk1scWVzZGtocldwaW5VbWVFMmhvNUYxUFdCQ1VCYmpCSjA4Z3daVThsOVdhMDFHbi9iWjVHOTVILzVNcjYKZ1NtN29JMFVGYXV5dmI4YkN4eDZyWWlIMHdPd2F6SzRCN051RTA1MFQvNEcydFE1T1ZXVWlKd21CT09zMUsrSAp6SjBtbmx3ZnBDSmJJcUpiU3dnbDEwTzVwVlB1ZDdKUXlkZW1MZ25xMUdBQVdDaGM0OW5xUTk1djZDQUl1dVlqCmRYdiswS3Ivb1lrQ2pDYjFPeERRVVNla3pvM1BJYU0vQi8vSFZDeE56QTVGVXNEcGd6RWtjVERTTHBGMXlVVU4KUTIwclJQTk9rTG5jYk5HREVlU1pyZUNGUnA4aldNWCtHYVZmb3BlZURuczJCUVRyOEVDZFQ0aWVrWDhiTlBTWgp4NkJ2KzErdzBlT0tac3o1eCtrRHJ6U1RRSEpvRzlwZzh5WkJ3QWlGREV1NXk2eFN5T1Vsd1gwYW1oL2FlZ1luCjNndDZMbHJGU3lTcFBxR0N0NDRCS2lZV2c1NVhrU0Fwc0JEVmtaRzhHbkhmMTk2WGNqOXloUzR2cjl4WDdFRnIKQWNIYXpSNkFpM01nZXFRcExXcVgxTitqdFROTUZ0eWVkdjdxYmp2czBDdkp3Tm50SmRXbDUrejJlNjlvdlF1Ywpoa25ENWVXR041M3dxaGUzVVZIQTg4NDdsT0xESXEvYWgyQ3JiaG8wc0xhcGlyaEVCeEgzYmU3TXU5RjJOei8vClJkWDV5RzJteGUwVU9vY2dGaDBpS3lrRDRYcEUzSGplWExhMFFDWjJUU2s1bTl0WWtxMjVwK3pqUTNVMmRMUUYKdm1hdXozc29EeStHVFl5SkYrUnNTUlRDK0lBWWRnU1IzR3lIazVzbHNva0NBd0VBQWFOQ01FQXdEZ1lEVlIwUApBUUgvQkFRREFnS2tNQThHQTFVZEV3RUIvd1FGTUFNQkFmOHdIUVlEVlIwT0JCWUVGRUNSbGpMdUhKOVdrUlI2CkI5OEdlS2YwRlRJTU1BMEdDU3FHU0liM0RRRUJDd1VBQTRJQ0FRQU5SVCtHeGdVRjRBVTVHRmhQa0VjM1k4QnUKTzM5RUxBbndqZTU3WXF2NGlhU2xLUU9RRjJzSDk3MnhySy9taXU1QU1zM2ZKUU0zbWJLTUdSSTFZTWhzQ0NrQQpMOFZTM1ZtSkFVa2FONWZYWVFGUjdtTnFxcEpPSUJGcDRFVC81U0VrY0FnWjN4LzZRSVJOaGhka2JwQU90WEtiCitxT2JaSTl2eFpzbkdER1ZLYWN6RjdOa2syQjlIcFhoMUU1Z3R6dmZtY0ZScEdlc0ZoeFdkc0NaT0pmS1VnZU0KT1o4RFcrKy83UVFndXhDbDNQYzZ0RDFER3ZsTHI3OEdMRmhBY0paZnEwRlZCTm5lYmtqTXRaTFFWLzJkbytZZwo0MU5SVUlIQ21VSHdoenFMTVVYTFdrZ0szVkY4UTk1b0lFSi94NVRRaTJ4cXl1SjNTM3orMCtHN2lNZ2lnblZ0Cm92NWpxWXExWVNjL1BuNjh1KzRmckFJRUFnR2lCMkd1S2l0VGNqMXhQUWk2MllhSWVZVUJtMGd4bXlBRUdqaHoKQ0s1MVJDMk43ZUZ6eEl3QVBxbk0ydGpjWGMydmNtWjR5aTJwSUtRRUVJNnFZZjc2THRBN0pxSktneWd2dTBHTQo1VlFBT21SR3ZObzY4K0pNOU4yRXk5TmpUSDN6TnRrRFNQQy9qTlFPbWlLYUxqcGtSRlNDTWRvUXJncloyMWM0CnlPdENoNnRTVk1uTnJOYUI5a2hpekxOQ0NRSDhCYUl5SkZyZmo5Qm5mMXRFU2xVK0RlaEoxeTZQQnFyWGlydFgKU3MzUE10U3IzcXVSejV4SFZEbC9adzBpK0QyQnhvaEl2Q096cXBJa2tKZHpLemZtVEVNOVVCU1grTkM3bnJoNApIeG1EWmw2OFJQUlk4czFtSVE9PQotLS0tLUVORCBDRVJUSUZJQ0FURS0tLS0tCg==",
                "host": "https://test-neyo-rg-cluster-kiwlkorh.hcp.eastus.azmk8s.io:443",
                "password": "q09e5eyotjo63t2g1z4vh0zyks295vt9f3ko78vnkfhy7mcej38q5lnn3dj08r41bvh62zue15jn2q7gjtxp0qrgc5b12kjik2vp4r8f8nv0vsfkiff6k42hc3ttvtxc",
                "username": "clusterUser_test-neyo-rg_neyo-aks-cluster"
              }
            ],
            "kube_config_raw": "apiVersion: v1\nclusters:\n- cluster:\n    certificate-authority-data: LS0tLS1CRUdJTiBDRVJUSUZJQ0FURS0tLS0tCk1JSUU2VENDQXRHZ0F3SUJBZ0lSQUlYdFI5MDQxc3RCbHlNanZMYWlaVDB3RFFZSktvWklodmNOQVFFTEJRQXcKRFRFTE1Ba0dBMVVFQXhNQ1kyRXdJQmNOTWpNd09UQXlNVEl4TVRFM1doZ1BNakExTXpBNU1ESXhNakl4TVRkYQpNQTB4Q3pBSkJnTlZCQU1UQW1OaE1JSUNJakFOQmdrcWhraUc5dzBCQVFFRkFBT0NBZzhBTUlJQ0NnS0NBZ0VBCnZjMk1scWVzZGtocldwaW5VbWVFMmhvNUYxUFdCQ1VCYmpCSjA4Z3daVThsOVdhMDFHbi9iWjVHOTVILzVNcjYKZ1NtN29JMFVGYXV5dmI4YkN4eDZyWWlIMHdPd2F6SzRCN051RTA1MFQvNEcydFE1T1ZXVWlKd21CT09zMUsrSAp6SjBtbmx3ZnBDSmJJcUpiU3dnbDEwTzVwVlB1ZDdKUXlkZW1MZ25xMUdBQVdDaGM0OW5xUTk1djZDQUl1dVlqCmRYdiswS3Ivb1lrQ2pDYjFPeERRVVNla3pvM1BJYU0vQi8vSFZDeE56QTVGVXNEcGd6RWtjVERTTHBGMXlVVU4KUTIwclJQTk9rTG5jYk5HREVlU1pyZUNGUnA4aldNWCtHYVZmb3BlZURuczJCUVRyOEVDZFQ0aWVrWDhiTlBTWgp4NkJ2KzErdzBlT0tac3o1eCtrRHJ6U1RRSEpvRzlwZzh5WkJ3QWlGREV1NXk2eFN5T1Vsd1gwYW1oL2FlZ1luCjNndDZMbHJGU3lTcFBxR0N0NDRCS2lZV2c1NVhrU0Fwc0JEVmtaRzhHbkhmMTk2WGNqOXloUzR2cjl4WDdFRnIKQWNIYXpSNkFpM01nZXFRcExXcVgxTitqdFROTUZ0eWVkdjdxYmp2czBDdkp3Tm50SmRXbDUrejJlNjlvdlF1Ywpoa25ENWVXR041M3dxaGUzVVZIQTg4NDdsT0xESXEvYWgyQ3JiaG8wc0xhcGlyaEVCeEgzYmU3TXU5RjJOei8vClJkWDV5RzJteGUwVU9vY2dGaDBpS3lrRDRYcEUzSGplWExhMFFDWjJUU2s1bTl0WWtxMjVwK3pqUTNVMmRMUUYKdm1hdXozc29EeStHVFl5SkYrUnNTUlRDK0lBWWRnU1IzR3lIazVzbHNva0NBd0VBQWFOQ01FQXdEZ1lEVlIwUApBUUgvQkFRREFnS2tNQThHQTFVZEV3RUIvd1FGTUFNQkFmOHdIUVlEVlIwT0JCWUVGRUNSbGpMdUhKOVdrUlI2CkI5OEdlS2YwRlRJTU1BMEdDU3FHU0liM0RRRUJDd1VBQTRJQ0FRQU5SVCtHeGdVRjRBVTVHRmhQa0VjM1k4QnUKTzM5RUxBbndqZTU3WXF2NGlhU2xLUU9RRjJzSDk3MnhySy9taXU1QU1zM2ZKUU0zbWJLTUdSSTFZTWhzQ0NrQQpMOFZTM1ZtSkFVa2FONWZYWVFGUjdtTnFxcEpPSUJGcDRFVC81U0VrY0FnWjN4LzZRSVJOaGhka2JwQU90WEtiCitxT2JaSTl2eFpzbkdER1ZLYWN6RjdOa2syQjlIcFhoMUU1Z3R6dmZtY0ZScEdlc0ZoeFdkc0NaT0pmS1VnZU0KT1o4RFcrKy83UVFndXhDbDNQYzZ0RDFER3ZsTHI3OEdMRmhBY0paZnEwRlZCTm5lYmtqTXRaTFFWLzJkbytZZwo0MU5SVUlIQ21VSHdoenFMTVVYTFdrZ0szVkY4UTk1b0lFSi94NVRRaTJ4cXl1SjNTM3orMCtHN2lNZ2lnblZ0Cm92NWpxWXExWVNjL1BuNjh1KzRmckFJRUFnR2lCMkd1S2l0VGNqMXhQUWk2MllhSWVZVUJtMGd4bXlBRUdqaHoKQ0s1MVJDMk43ZUZ6eEl3QVBxbk0ydGpjWGMydmNtWjR5aTJwSUtRRUVJNnFZZjc2THRBN0pxSktneWd2dTBHTQo1VlFBT21SR3ZObzY4K0pNOU4yRXk5TmpUSDN6TnRrRFNQQy9qTlFPbWlLYUxqcGtSRlNDTWRvUXJncloyMWM0CnlPdENoNnRTVk1uTnJOYUI5a2hpekxOQ0NRSDhCYUl5SkZyZmo5Qm5mMXRFU2xVK0RlaEoxeTZQQnFyWGlydFgKU3MzUE10U3IzcXVSejV4SFZEbC9adzBpK0QyQnhvaEl2Q096cXBJa2tKZHpLemZtVEVNOVVCU1grTkM3bnJoNApIeG1EWmw2OFJQUlk4czFtSVE9PQotLS0tLUVORCBDRVJUSUZJQ0FURS0tLS0tCg==\n    server: https://test-neyo-rg-cluster-kiwlkorh.hcp.eastus.azmk8s.io:443\n  name: neyo-aks-cluster\ncontexts:\n- context:\n    cluster: neyo-aks-cluster\n    user: clusterUser_test-neyo-rg_neyo-aks-cluster\n  name: neyo-aks-cluster\ncurrent-context: neyo-aks-cluster\nkind: Config\npreferences: {}\nusers:\n- name: clusterUser_test-neyo-rg_neyo-aks-cluster\n  user:\n    client-certificate-data: LS0tLS1CRUdJTiBDRVJUSUZJQ0FURS0tLS0tCk1JSUZIakNDQXdhZ0F3SUJBZ0lSQU5sRWUvc1l0YXdxaFU4SHRVTzdsekl3RFFZSktvWklodmNOQVFFTEJRQXcKRFRFTE1Ba0dBMVVFQXhNQ1kyRXdIaGNOTWpNd09UQXlNVEl4TVRFM1doY05NalV3T1RBeU1USXlNVEUzV2pBdwpNUmN3RlFZRFZRUUtFdzV6ZVhOMFpXMDZiV0Z6ZEdWeWN6RVZNQk1HQTFVRUF4TU1iV0Z6ZEdWeVkyeHBaVzUwCk1JSUNJakFOQmdrcWhraUc5dzBCQVFFRkFBT0NBZzhBTUlJQ0NnS0NBZ0VBcXhibXZIQWdIS09nMm4yRlJ5TzcKdmVtb3A5U21tNmwzNjE4M0dwRzE5bWtKYjdrNkZpMXp0SGRYeE9obFJpTDI5dWkyckcrOWhDRGRPR3BtZENpLwprbEZaN2Qzbmx6cGUwUGFWMm9iUEtIMUFuSWVBZGhvVk94Mng2Vkw2SCtmck1xRDJ4N3BDa1dVOStVcFVycEl5CmxSNDVXQWpUL3JLSUIvNU5HVmUwT3ExUytPY2J2N0wwZGdGRlUvQUY1SVNDWUc2ZnVIM2pNSFZYamV1OFpqOGoKWDM2UTdxTlJNaG9mVnhhSmtnZTU2UDhxamRnSFYrdi8yYnhweWszckRsbDliVHZ2eSt5TG1LZFNMZHh5M2FsTgpZWTdqclFtSkpaWDZYMzMvZi83a01QcXp3ZGhRa3BnWGxqa3p1d0pkamV5U3pEWWd6NUUxS25rWG1mbXJvR1laCityS0xzVktBTXpuZDByNlM2czNrSlk0WmxMK1VzRXg0dVZFUDY2Wm1NejhFRjBoNEE3YzYwcDk5czRxNmFwZnQKSWFLQzh3Si83ZEpuZU8reldQZ2d4VVlxU1dsSVpYVk1aZWxaQ0hSOWY2TEIzYTRVbmRrV0pjeVF2M1VwVG1TYgp5Q3hiR3Q5a3hoQjZQOGo5MDJObTk3UDBTQ3VhUzkxemliWXJPOWVQT1o1QzJuYTBocmhQSldhdXQxTmR1VFVNCkkzZVNsekhOaW1DOWVvbCtsclN6SDAxZ3VhcUtHN2FlRXN1L0tMbGtWYS95K1YvS3hNL2ZkQUVEZFFpcFJvMlMKVWp1Q2dVZW1BNFFiRFJnd1VTVm9mQTlEd1hEbUQzWEVyOTQ1ZitKN0V5L0N5Ulp4a01MMzNIQkppZ1pGZkZDNgpFNjI1d3UxQjlhbm01TkYyRktUbDk5c0NBd0VBQWFOV01GUXdEZ1lEVlIwUEFRSC9CQVFEQWdXZ01CTUdBMVVkCkpRUU1NQW9HQ0NzR0FRVUZCd01DTUF3R0ExVWRFd0VCL3dRQ01BQXdId1lEVlIwakJCZ3dGb0FVUUpHV011NGMKbjFhUkZIb0gzd1o0cC9RVk1nd3dEUVlKS29aSWh2Y05BUUVMQlFBRGdnSUJBQldKdEdTc1grK0VBdW1SU0RIZApTR0Jkc1JtUWp3SFVrbllidWVyemU3K0JCRTg5Nm5zZHY5MkpGa1JNcmNPOVgxc1IyUnZyVlBwc0xOVlhSbUFJCkFJeS9hWGpsZ1pCRjZXK2FTbjlTUUN1MzFrZ3JXYThzZVZlZVh1Slo4ZGdQL1Z6RlRJdFNEajA0Y091QXkwalQKK3k5dUpuK3NhTzk1QUliNFhYR1d1NmJSVVV0My9kNXh2Qitod05lVlpaRlZTUG83VzRwQkx0UjBnZTF3QjRZYgozWHBMVXl5Qkh0Tjlkbm8xYWRDWXlDQ29Oak9WUmppaU1aYmY1ZHlXSEdpT0RpRUFSNVg4cGxJQ29DNVZUQnVMCnpsSzg1cW5Qdmd5NTFVczlHWE92YytIOHFRN3EzYWh2WGtpbStWN29POGxZQjN1TzBjcVY1OGJRRXE2U01sUUcKUDlZNXBGR2IvRlk3TzNsZ25neVRIRmY0RHRJbFgvR29kTW0wSWltekdHeURZTHRxRGt1WkRQRVovSGZTb05aNwpBT2dQbVhqQTk5V0pVMWJRYXE4aVBkV2l1RzV5cjU4Q2Q4b1U4ZGlFR2gxQlE4UjgwaGIxR3pHdnJMN3J4a1N1Ckh6VG43ZnM2QjNETHFEUy9ZaDNxUWZzRWxjVDNQcnRZbmhBbmFYaFhXN3g4R1hyc1NWb0o0MkkyK3JLYXNYMkUKRmVrTzdBYnlkUnRtdWZHdkd3WWVpYlJwQlc1Vld6YlhpekZIRWpidDFMc0NIeHFoVGt1NDhPcE01dnBBQjJvQwpCK1U3MmxudG1yT3U5TkRmZnpSUWtUVC9Hd2VDcHRhVUozNElLaUxlWCtwblMrOWVMVVNPMEtYZmJjVk9hOEIzCmo5cUdBdTkxQUdETFRmMjc4Q0FKc1NvRAotLS0tLUVORCBDRVJUSUZJQ0FURS0tLS0tCg==\n    client-key-data: LS0tLS1CRUdJTiBSU0EgUFJJVkFURSBLRVktLS0tLQpNSUlKSndJQkFBS0NBZ0VBcXhibXZIQWdIS09nMm4yRlJ5Tzd2ZW1vcDlTbW02bDM2MTgzR3BHMTlta0piN2s2CkZpMXp0SGRYeE9obFJpTDI5dWkyckcrOWhDRGRPR3BtZENpL2tsRlo3ZDNubHpwZTBQYVYyb2JQS0gxQW5JZUEKZGhvVk94Mng2Vkw2SCtmck1xRDJ4N3BDa1dVOStVcFVycEl5bFI0NVdBalQvcktJQi81TkdWZTBPcTFTK09jYgp2N0wwZGdGRlUvQUY1SVNDWUc2ZnVIM2pNSFZYamV1OFpqOGpYMzZRN3FOUk1ob2ZWeGFKa2dlNTZQOHFqZGdIClYrdi8yYnhweWszckRsbDliVHZ2eSt5TG1LZFNMZHh5M2FsTllZN2pyUW1KSlpYNlgzMy9mLzdrTVBxendkaFEKa3BnWGxqa3p1d0pkamV5U3pEWWd6NUUxS25rWG1mbXJvR1laK3JLTHNWS0FNem5kMHI2UzZzM2tKWTRabEwrVQpzRXg0dVZFUDY2Wm1NejhFRjBoNEE3YzYwcDk5czRxNmFwZnRJYUtDOHdKLzdkSm5lTyt6V1BnZ3hVWXFTV2xJClpYVk1aZWxaQ0hSOWY2TEIzYTRVbmRrV0pjeVF2M1VwVG1TYnlDeGJHdDlreGhCNlA4ajkwMk5tOTdQMFNDdWEKUzkxemliWXJPOWVQT1o1QzJuYTBocmhQSldhdXQxTmR1VFVNSTNlU2x6SE5pbUM5ZW9sK2xyU3pIMDFndWFxSwpHN2FlRXN1L0tMbGtWYS95K1YvS3hNL2ZkQUVEZFFpcFJvMlNVanVDZ1VlbUE0UWJEUmd3VVNWb2ZBOUR3WERtCkQzWEVyOTQ1ZitKN0V5L0N5Ulp4a01MMzNIQkppZ1pGZkZDNkU2MjV3dTFCOWFubTVORjJGS1RsOTlzQ0F3RUEKQVFLQ0FnQkFyVlNtc2VDQjB4Mncyeml5RHdFZkp5QzU2WHJlWjY5TXpGN2hiV29UYjl2QVg0NWs2ZVBPdWpyMAoxa0hLeE5jRnVpMnNmRVZ4bUpib2g5aVpXdm9venhZbkJQZFN4UjhvOGI3dXNIM0p1YWZlUko4OGhsbTJVbUI2CmF3TGhZdVFYN0orK0cxeWs2RmdJVUtBNHFrM3k3MDBRU2E0U245MHE0R2kzQnQrOE90K2Q5b2dYN1FmYlFGbTgKQklYRndJNGs5RXp2Q3JBREZxajFuc05IQitGUWJXRk94WENoZHh5WDZJNHpKVGFUclRxaUNxT2tDalJiVkkzTgppNjByYklzczZ6YVlxYUNRSWRqQU81RTAySmJISmFST09zZWM3TmlNbHU0cXJlb0gxZzUwWGxqL1FmM1FyV2t2CjdoSDk0QXdTcFBlOFlCRndML3pMR1laWENhSVI4L1I2Ty9DMzhCZjVad3RGYjd5YSsxSGI1dlc1alQwNXlJMXkKd241T3ppRFc4MVFZcE03Q21MdnY3Q0dLOHJtK041UDBHbDlvL3RVL0xkUmFlT2Z4VVp1RkZWaklVOGZOdndDbgo5VWlBZGNQZTdZWkJYRGphSTVyNkhXbW8vSmVLZExNdEtmYTQ3WGRnVzQvdnpTZzVhMHN0bG02bXNYWFFvaHVoCmNNdzJmWVRHMER1NFNNaHlPQmpUTWpPSFdSSXpJQjBBNG1NcXAxNUgzL1NlUTB0eUM4OEVxUXI3bGFhSEUzYXkKNFlFbDlzQ25uc3U5cHNDYlNPTjJNanJZS01Hb253RnA1VmVvVVgxS05UcCtFU0xLUmIyeVorUnBrRk9UbW8ycQpWcVdOOURtc2hLZFNmdGZQOXhBTHEyV0pST2Y3RnAzSisxQVpBajZ2WHNzS1NMQTJJUUtDQVFFQXdDNXRWckNTClZ1bnRSTDVtNHprUWRiQ0NMdlQzbG45bnQwNnd4L2pJdFdoclFqT1lQOFJyMzBRbU9uM3daSVg1dHg3S3U4bk4KTE8reXByVWg0bzZlN2dOMVFyTEZzWEpReXhZUTZsNUxiVDg2Y0xXVGl4K3lUQlhXRTVhQUZUMlFiUDFhMnpVYgo5RmJEMkZ6S2o5ejBRQlRkdlhhaGFmQjFRS0ZaSTVSU3QxK29JeXAxOUZDMG9SUWR3NklSSSs0RTJQWUluaFZmCmk5eis1YTdobUVPK1p5RW5jTjliYk1ROG1Dc3I5dmNXOFJXR3UyU1dvUGZkWjl5RXRwcytRRXQ3V1dWQ0orR2EKZVAyS2UrQ3J1TlY1ajBuMUs5TER5WG9HdERnZENrR0N3VzZKczJRZ1grcmYrTkw0WHlsNnZyeFUyajNkMXJYcApFR3ljYWNPdEtsYy9Td0tDQVFFQTQrZHRGWC9XbkJjR0FRVWwwd2FsWURJR3Z2QzB6aXB1WnFVNWJEOUJiYWszCnZEWFBLUS9YbWs2NlZXWGUyZ3ZmOVFwZDYvamFyZHNURkVUQlk0VE1GeHRzblk5YTlrNTZiMnhSN0VLTG9qMnkKOW1SYVJFU2x4d3IvY3NwaUNjMEVtMmFkLzZsWTFCL3p1eVIwdzRzYVV4UjNjWWxTRDhYUE4vRGVibHdrajhtegpuMzNlQVRXWkdKRXNVaHdoU1pKTlFtMzNLZURENWllQ2JSMGNGSTNUaXBnTzRjU1R2eWtJR1gvNnBrSTVWNm02Ck1ZdE5YNW4wd2ZyN052WVdQQ0ExODBicEJaRStyVGFLTXpKV3VMV1J4WkdlZjdlTjlqNVM3RzJsWXNxYzBwQWgKUmUrTjhBVkhucTFCQW00b0szYnc4ZitpYUg5TGczdGNoMStsZldkL3NRS0NBUUF0RG5WNS9wbkFvTVdNK1dyYgoyUFFmODRzQ0FWTE95UDRDL3dMNVR6MlhNbXo3TDJlQmc4YWFxTHFodWdjVE9rbnFnZUNjR0Zydkx4OWVjRmNLCmE4K2RFOWg1RTdxL3VJSnlxckM2a2ZMeklRRE5qZlNTaUpMZnZicmNDc3ZxcnUxZWNDUE9BdXlUNDRlMUFVUkkKYUZBbmVmem12NXBtWVFiTWFVZWh6Tk43eElTQ0FpRjNiemg2RDJKUERIOGlRbHFHbDJBNzE5ejN5STlHUURNSgo1TkFPRTdyUWZyMUxpZEovQnBnZkpaME9WcktvMnBOcUY5S2oyQktSVVdKTjVxUjd0LzdEcE9QM2U5SHM2eWEzCmhlMGpCLzdnRUdEd3FwaEp4bUlnbG0xV2RsajRZd0FvSE1QMzdWWm4wU3pDN1JxanRCOS9pRlNsRWlHMXRqZXkKRnBSekFvSUJBR0c5NERmSFF2aGdtMitXa0psSGtXZUhMUU40NG1KRkttSVZYR0pEWXNFd1FMb1ViY3RUZ3drbgoySnhGZTJVU2tMTmNCZG50T1lRMG42TWl0Ym9EdXkveDBBeG03Z0VTdVVuT0wvaGV0ZG9ZRWdmQUZFS1JHblFhCkVHSmZ6OW9hTm02YmZRbW56SFAxWENlWHhBZ1ZRVzMrS2hma1ovQmh5clJZTmwwb1lYblZiSmJyZVdvVlhacCsKc0g1cW1CQWdrY2Y2dDNVYmM0aml5dm9XOFBNVHZIVUZMK1M5MVF1NEFrUkZjZThhR2RPeDlDdkpiWjZodmFudwpCUXVXVVFUcVg1ajlnWFNrelRlbVczRUhscy9TOXppL2NqV2VPR0V5YTRnQW9seVRQdHpEZWJHdndyVDgzckY3CjVwU3ZQOFVjVnN2QzhobFU5c0xtQmxIOHdGSGZNSkVDZ2dFQVZ4dnVLdGFpMnd3WEVzZmFPZDdRNlJUTnpDVWEKanB4QTVLQ2JlMnZXYTNYTmVIYXVidGQwSkVIbjdhSkJlQmN0a2JQSlc1cWV2ekEvYXNSSGloWWg0Z242N1o5eApBNnVpVTdTZkhZWXJrczRCNW1Sb0FyZ2tPM0NRclduT3daa1hDR29TdlpvZXlJbHlodXkrM0J3U2VLbzQwVnJDClFxaUk3SC84aiswbVRWbHhxSUxYVmErdUpzUE9sMFN4a1kyVGI0d3hQalAwSS8vckpTalowZ05Va0JaUThPWVYKVHZpbk5DaXlKNFFqdnBvZzB5eXpLUW1VV0o4d1BKTml0KzkxYXEreGlHSUYvZTRucmtrVTRSTFl0cVdjNmlxLwpQaGVIYkRGUWdqSFB4YkI4cU16VzYrd1o5QlJBaThJdHVnZzNybUY2b2pLUEE4WTh5N0dXS1FGL3dnPT0KLS0tLS1FTkQgUlNBIFBSSVZBVEUgS0VZLS0tLS0K\n    token: q09e5eyotjo63t2g1z4vh0zyks295vt9f3ko78vnkfhy7mcej38q5lnn3dj08r41bvh62zue15jn2q7gjtxp0qrgc5b12kjik2vp4r8f8nv0vsfkiff6k42hc3ttvtxc\n",
            "kubelet_identity": [],
            "kubernetes_version": "1.27.3",
            "linux_profile": [
              {
                "admin_username": "ubuntu",
                "ssh_key": [
                  {
                    "key_data": "ssh-rsa AAAAB3NzaC1yc2EAAAADAQABAAABgQDZwjW2MxYBx0RbgvPWM9Pn1PvCzkp1rlAlKK8WYCLbij/gxzWaj/iYmDjuEn8xlOqawVjLYbFHgmSA0632fWfmRvnUxoVPIkPhO/+I7w/wUh4j0nWYy4DLTq/CXoA9BkMI5zimS4yyG+8wQaB0s8/Dp8cX9hl5GUD6H7ZRo+2aZGlqZ7SGMxaYHV4qmsT3lZ0GZR1q/HLPN7dytOkMWkdY8vnxxb3E7q/NoI/QUzgVIr1q/PVqXoJ1wpz+2b/j7Wkq1X8WEIi82RVjkOwBci0cI42TF4h2qSWotqCNjNzqw/3r30J06PxO57NaoMNfwJatCNFKN5+VQXmj2BUoDoj7sGzNVC5aOIXgto9Yi6NXv0MzK6YJCTDKGEdzeaB7Z5cCGpm6N4lfx8lUfvbaSN9gxOVLm8jTtmRTrGW4pEyDcqsGFQXvem/5lrnv5A//qXKe1p6tFuhXBEI7shfittj78Ep/+aWmcKh3SxzdT25yMQ011S4oaNfHEXopdXjOMIk= olaniyiodeleye@Olaniyis-MBP\n"
                  }
                ]
              }
            ],
            "local_account_disabled": false,
            "location": "eastus",
            "maintenance_window": [],
            "maintenance_window_auto_upgrade": [],
            "maintenance_window_node_os": [],
            "microsoft_defender": [],
            "monitor_metrics": [],
            "name": "neyo-aks-cluster",
            "network_profile": [
              {
                "dns_service_ip": "10.0.0.10",
                "docker_bridge_cidr": "",
                "ebpf_data_plane": "",
                "ip_versions": [
                  "IPv4"
                ],
                "load_balancer_profile": [
                  {
                    "effective_outbound_ips": [
                      "/subscriptions/c7159b76-0836-4a8d-99df-ab0ef217acb0/resourceGroups/test-neyo-rg-nrg/providers/Microsoft.Network/publicIPAddresses/363b752a-95ea-4bb3-9815-f13653431cb4"
                    ],
                    "idle_timeout_in_minutes": 0,
                    "managed_outbound_ip_count": 1,
                    "managed_outbound_ipv6_count": 0,
                    "outbound_ip_address_ids": [],
                    "outbound_ip_prefix_ids": [],
                    "outbound_ports_allocated": 0
                  }
                ],
                "load_balancer_sku": "standard",
                "nat_gateway_profile": [],
                "network_mode": "",
                "network_plugin": "azure",
                "network_plugin_mode": "",
                "network_policy": "",
                "outbound_type": "loadBalancer",
                "pod_cidr": "",
                "pod_cidrs": [],
                "service_cidr": "10.0.0.0/16",
                "service_cidrs": [
                  "10.0.0.0/16"
                ]
              }
            ],
            "node_os_channel_upgrade": null,
            "node_resource_group": "test-neyo-rg-nrg",
            "node_resource_group_id": "/subscriptions/c7159b76-0836-4a8d-99df-ab0ef217acb0/resourceGroups/test-neyo-rg-nrg",
            "oidc_issuer_enabled": false,
            "oidc_issuer_url": "",
            "oms_agent": [],
            "open_service_mesh_enabled": null,
            "portal_fqdn": "test-neyo-rg-cluster-kiwlkorh.portal.hcp.eastus.azmk8s.io",
            "private_cluster_enabled": false,
            "private_cluster_public_fqdn_enabled": false,
            "private_dns_zone_id": null,
            "private_fqdn": "",
            "public_network_access_enabled": true,
            "resource_group_name": "test-neyo-rg",
            "role_based_access_control_enabled": true,
            "run_command_enabled": true,
            "service_mesh_profile": [],
            "service_principal": [
              {
                "client_id": "a23e516a-f083-4ab1-9c2b-2dcc622dcca4",
                "client_secret": "zVm8Q~HXd.abKxlkuHCDhFOjeot1VPALXM41WdyN"
              }
            ],
            "sku_tier": "Free",
            "storage_profile": [],
            "tags": {},
            "timeouts": null,
            "web_app_routing": [],
            "windows_profile": [
              {
                "admin_password": "",
                "admin_username": "azureuser",
                "gmsa": [],
                "license": ""
              }
            ],
            "workload_autoscaler_profile": [],
            "workload_identity_enabled": false
          },
          "sensitive_attributes": [
            [
              {
                "type": "get_attr",
                "value": "service_principal"
              },
              {
                "type": "index",
                "value": {
                  "value": 0,
                  "type": "number"
                }
              },
              {
                "type": "get_attr",
                "value": "client_secret"
              }
            ]
          ],
          "private": "eyJlMmJmYjczMC1lY2FhLTExZTYtOGY4OC0zNDM2M2JjN2M0YzAiOnsiY3JlYXRlIjo1NDAwMDAwMDAwMDAwLCJkZWxldGUiOjU0MDAwMDAwMDAwMDAsInJlYWQiOjMwMDAwMDAwMDAwMCwidXBkYXRlIjo1NDAwMDAwMDAwMDAwfSwic2NoZW1hX3ZlcnNpb24iOiIyIn0=",
          "dependencies": [
            "azurerm_resource_group.rg1",
            "module.ServicePrincipal.azuread_application.main",
            "module.ServicePrincipal.azuread_service_principal.main",
            "module.ServicePrincipal.azuread_service_principal_password.main",
            "module.ServicePrincipal.data.azuread_client_config.current",
            "module.aks.data.azurerm_kubernetes_service_versions.current"
          ]
        }
      ]
    },
    {
      "module": "module.aks",
      "mode": "managed",
      "type": "azurerm_role_assignment",
      "name": "role_acrpull",
      "provider": "provider[\"registry.terraform.io/hashicorp/azurerm\"]",
      "instances": [
        {
          "schema_version": 0,
          "attributes": {
            "condition": "",
            "condition_version": "",
            "delegated_managed_identity_resource_id": "",
            "description": "",
            "id": "/subscriptions/c7159b76-0836-4a8d-99df-ab0ef217acb0/resourceGroups/test-neyo-rg/providers/Microsoft.ContainerRegistry/registries/neyoacr/providers/Microsoft.Authorization/roleAssignments/891f53d0-a2e8-fa88-c8c2-8b469c6af596",
            "name": "891f53d0-a2e8-fa88-c8c2-8b469c6af596",
            "principal_id": "a23e516a-f083-4ab1-9c2b-2dcc622dcca4",
            "principal_type": "ServicePrincipal",
            "role_definition_id": "/subscriptions/c7159b76-0836-4a8d-99df-ab0ef217acb0/providers/Microsoft.Authorization/roleDefinitions/7f951dda-4ed3-4680-a7ca-43fe172d538d",
            "role_definition_name": "AcrPull",
            "scope": "/subscriptions/c7159b76-0836-4a8d-99df-ab0ef217acb0/resourceGroups/test-neyo-rg/providers/Microsoft.ContainerRegistry/registries/neyoacr",
            "skip_service_principal_aad_check": true,
            "timeouts": null
          },
          "sensitive_attributes": [],
          "private": "eyJlMmJmYjczMC1lY2FhLTExZTYtOGY4OC0zNDM2M2JjN2M0YzAiOnsiY3JlYXRlIjoxODAwMDAwMDAwMDAwLCJkZWxldGUiOjE4MDAwMDAwMDAwMDAsInJlYWQiOjMwMDAwMDAwMDAwMCwidXBkYXRlIjoxODAwMDAwMDAwMDAwfX0=",
          "dependencies": [
            "azurerm_resource_group.rg1",
            "module.ServicePrincipal.azuread_application.main",
            "module.ServicePrincipal.azuread_service_principal.main",
            "module.ServicePrincipal.azuread_service_principal_password.main",
            "module.ServicePrincipal.data.azuread_client_config.current",
            "module.aks.azurerm_container_registry.acr",
            "module.aks.azurerm_kubernetes_cluster.aks-cluster",
            "module.aks.data.azurerm_kubernetes_service_versions.current"
          ]
        }
      ]
    },
    {
      "module": "module.appgw",
      "mode": "data",
      "type": "azurerm_user_assigned_identity",
      "name": "main",
      "provider": "provider[\"registry.terraform.io/hashicorp/azurerm\"]",
      "instances": [
        {
          "schema_version": 0,
          "attributes": {
            "client_id": "9fce4b2c-166c-4761-9055-d0d1c1d91d87",
            "id": "/subscriptions/c7159b76-0836-4a8d-99df-ab0ef217acb0/resourceGroups/test-neyo-rg-nrg/providers/Microsoft.ManagedIdentity/userAssignedIdentities/appgw-api",
            "location": "eastus",
            "name": "appgw-api",
            "principal_id": "0d28123e-1d12-464f-bc42-a004468af148",
            "resource_group_name": "test-neyo-rg-nrg",
            "tags": {},
            "tenant_id": "dfd7834a-f2c6-45da-ad99-d032066436f6",
            "timeouts": null
          },
          "sensitive_attributes": []
        }
      ]
    },
    {
      "module": "module.appgw",
      "mode": "data",
      "type": "azurerm_virtual_network",
      "name": "aks_vnet",
      "provider": "provider[\"registry.terraform.io/hashicorp/azurerm\"]",
      "instances": [
        {
          "schema_version": 0,
          "attributes": {
            "address_space": [
              "10.224.0.0/12"
            ],
            "dns_servers": null,
            "guid": "172e8ad6-a5b6-4ad7-8585-ee4bd7edbb0d",
            "id": "/subscriptions/c7159b76-0836-4a8d-99df-ab0ef217acb0/resourceGroups/test-neyo-rg-nrg/providers/Microsoft.Network/virtualNetworks/aks-vnet-77731381",
            "location": "eastus",
            "name": "aks-vnet-77731381",
            "resource_group_name": "test-neyo-rg-nrg",
            "subnets": [
              "aks-subnet"
            ],
            "tags": {},
            "timeouts": null,
            "vnet_peerings": {},
            "vnet_peerings_addresses": []
          },
          "sensitive_attributes": []
        }
      ]
    },
    {
      "module": "module.appgw",
      "mode": "managed",
      "type": "azurerm_application_gateway",
      "name": "main",
      "provider": "provider[\"registry.terraform.io/hashicorp/azurerm\"]",
      "instances": [
        {
          "schema_version": 0,
          "attributes": {
            "authentication_certificate": [],
            "autoscale_configuration": [],
            "backend_address_pool": [
              {
                "fqdns": [],
                "id": "/subscriptions/c7159b76-0836-4a8d-99df-ab0ef217acb0/resourceGroups/test-neyo-rg-nrg/providers/Microsoft.Network/applicationGateways/testAppGateway/backendAddressPools/testBackendPool",
                "ip_addresses": [],
                "name": "testBackendPool"
              }
            ],
            "backend_http_settings": [
              {
                "affinity_cookie_name": "",
                "authentication_certificate": [],
                "connection_draining": [],
                "cookie_based_affinity": "Disabled",
                "host_name": "",
                "id": "/subscriptions/c7159b76-0836-4a8d-99df-ab0ef217acb0/resourceGroups/test-neyo-rg-nrg/providers/Microsoft.Network/applicationGateways/testAppGateway/backendHttpSettingsCollection/myHTTPsetting",
                "name": "myHTTPsetting",
                "path": "",
                "pick_host_name_from_backend_address": false,
                "port": 80,
                "probe_id": "",
                "probe_name": "",
                "protocol": "Http",
                "request_timeout": 60,
                "trusted_root_certificate_names": []
              }
            ],
            "custom_error_configuration": [],
            "enable_http2": false,
            "fips_enabled": false,
            "firewall_policy_id": "",
            "force_firewall_policy_association": false,
            "frontend_ip_configuration": [
              {
                "id": "/subscriptions/c7159b76-0836-4a8d-99df-ab0ef217acb0/resourceGroups/test-neyo-rg-nrg/providers/Microsoft.Network/applicationGateways/testAppGateway/frontendIPConfigurations/myAGIPConfig",
                "name": "myAGIPConfig",
                "private_ip_address": "",
                "private_ip_address_allocation": "Dynamic",
                "private_link_configuration_id": "",
                "private_link_configuration_name": "",
                "public_ip_address_id": "/subscriptions/c7159b76-0836-4a8d-99df-ab0ef217acb0/resourceGroups/test-neyo-rg-nrg/providers/Microsoft.Network/publicIPAddresses/testAGPublicIPAddress",
                "subnet_id": ""
              }
            ],
            "frontend_port": [
              {
                "id": "/subscriptions/c7159b76-0836-4a8d-99df-ab0ef217acb0/resourceGroups/test-neyo-rg-nrg/providers/Microsoft.Network/applicationGateways/testAppGateway/frontendPorts/myFrontendPort",
                "name": "myFrontendPort",
                "port": 80
              }
            ],
            "gateway_ip_configuration": [
              {
                "id": "/subscriptions/c7159b76-0836-4a8d-99df-ab0ef217acb0/resourceGroups/test-neyo-rg-nrg/providers/Microsoft.Network/applicationGateways/testAppGateway/gatewayIPConfigurations/test-gateway-ip-configuration",
                "name": "test-gateway-ip-configuration",
                "subnet_id": "/subscriptions/c7159b76-0836-4a8d-99df-ab0ef217acb0/resourceGroups/test-neyo-rg-nrg/providers/Microsoft.Network/virtualNetworks/AppGwVnet/subnets/frontAGSubnet"
              }
            ],
            "global": [],
            "http_listener": [
              {
                "custom_error_configuration": [],
                "firewall_policy_id": "",
                "frontend_ip_configuration_id": "/subscriptions/c7159b76-0836-4a8d-99df-ab0ef217acb0/resourceGroups/test-neyo-rg-nrg/providers/Microsoft.Network/applicationGateways/testAppGateway/frontendIPConfigurations/myAGIPConfig",
                "frontend_ip_configuration_name": "myAGIPConfig",
                "frontend_port_id": "/subscriptions/c7159b76-0836-4a8d-99df-ab0ef217acb0/resourceGroups/test-neyo-rg-nrg/providers/Microsoft.Network/applicationGateways/testAppGateway/frontendPorts/myFrontendPort",
                "frontend_port_name": "myFrontendPort",
                "host_name": "",
                "host_names": [],
                "id": "/subscriptions/c7159b76-0836-4a8d-99df-ab0ef217acb0/resourceGroups/test-neyo-rg-nrg/providers/Microsoft.Network/applicationGateways/testAppGateway/httpListeners/myListener",
                "name": "myListener",
                "protocol": "Http",
                "require_sni": false,
                "ssl_certificate_id": "",
                "ssl_certificate_name": "",
                "ssl_profile_id": "",
                "ssl_profile_name": ""
              }
            ],
            "id": "/subscriptions/c7159b76-0836-4a8d-99df-ab0ef217acb0/resourceGroups/test-neyo-rg-nrg/providers/Microsoft.Network/applicationGateways/testAppGateway",
            "identity": [
              {
                "identity_ids": [
                  "/subscriptions/c7159b76-0836-4a8d-99df-ab0ef217acb0/resourceGroups/test-neyo-rg-nrg/providers/Microsoft.ManagedIdentity/userAssignedIdentities/appgw-api"
                ],
                "type": "UserAssigned"
              }
            ],
            "location": "eastus",
            "name": "testAppGateway",
            "private_endpoint_connection": [],
            "private_link_configuration": [],
            "probe": [],
            "redirect_configuration": [],
            "request_routing_rule": [
              {
                "backend_address_pool_id": "/subscriptions/c7159b76-0836-4a8d-99df-ab0ef217acb0/resourceGroups/test-neyo-rg-nrg/providers/Microsoft.Network/applicationGateways/testAppGateway/backendAddressPools/testBackendPool",
                "backend_address_pool_name": "testBackendPool",
                "backend_http_settings_id": "/subscriptions/c7159b76-0836-4a8d-99df-ab0ef217acb0/resourceGroups/test-neyo-rg-nrg/providers/Microsoft.Network/applicationGateways/testAppGateway/backendHttpSettingsCollection/myHTTPsetting",
                "backend_http_settings_name": "myHTTPsetting",
                "http_listener_id": "/subscriptions/c7159b76-0836-4a8d-99df-ab0ef217acb0/resourceGroups/test-neyo-rg-nrg/providers/Microsoft.Network/applicationGateways/testAppGateway/httpListeners/myListener",
                "http_listener_name": "myListener",
                "id": "/subscriptions/c7159b76-0836-4a8d-99df-ab0ef217acb0/resourceGroups/test-neyo-rg-nrg/providers/Microsoft.Network/applicationGateways/testAppGateway/requestRoutingRules/myRoutingRule",
                "name": "myRoutingRule",
                "priority": 1,
                "redirect_configuration_id": "",
                "redirect_configuration_name": "",
                "rewrite_rule_set_id": "",
                "rewrite_rule_set_name": "",
                "rule_type": "Basic",
                "url_path_map_id": "",
                "url_path_map_name": ""
              }
            ],
            "resource_group_name": "test-neyo-rg-nrg",
            "rewrite_rule_set": [],
            "sku": [
              {
                "capacity": 1,
                "name": "Standard_v2",
                "tier": "Standard_v2"
              }
            ],
            "ssl_certificate": [],
            "ssl_policy": [
              {
                "cipher_suites": [],
                "disabled_protocols": [],
                "min_protocol_version": "",
                "policy_name": "AppGwSslPolicy20150501",
                "policy_type": "Predefined"
              }
            ],
            "ssl_profile": [],
            "tags": {},
            "timeouts": null,
            "trusted_client_certificate": [],
            "trusted_root_certificate": [],
            "url_path_map": [],
            "waf_configuration": [],
            "zones": []
          },
          "sensitive_attributes": [],
          "private": "eyJlMmJmYjczMC1lY2FhLTExZTYtOGY4OC0zNDM2M2JjN2M0YzAiOnsiY3JlYXRlIjo1NDAwMDAwMDAwMDAwLCJkZWxldGUiOjU0MDAwMDAwMDAwMDAsInJlYWQiOjMwMDAwMDAwMDAwMCwidXBkYXRlIjo1NDAwMDAwMDAwMDAwfX0=",
          "dependencies": [
            "module.appgw.azurerm_public_ip.pip",
            "module.appgw.azurerm_subnet.frontend",
            "module.appgw.azurerm_user_assigned_identity.main",
            "module.appgw.azurerm_virtual_network.vnet"
          ]
        }
      ]
    },
    {
      "module": "module.appgw",
      "mode": "managed",
      "type": "azurerm_public_ip",
      "name": "pip",
      "provider": "provider[\"registry.terraform.io/hashicorp/azurerm\"]",
      "instances": [
        {
          "schema_version": 0,
          "attributes": {
            "allocation_method": "Static",
            "ddos_protection_mode": "VirtualNetworkInherited",
            "ddos_protection_plan_id": null,
            "domain_name_label": null,
            "edge_zone": "",
            "fqdn": null,
            "id": "/subscriptions/c7159b76-0836-4a8d-99df-ab0ef217acb0/resourceGroups/test-neyo-rg-nrg/providers/Microsoft.Network/publicIPAddresses/testAGPublicIPAddress",
            "idle_timeout_in_minutes": 4,
            "ip_address": "172.173.134.187",
            "ip_tags": {},
            "ip_version": "IPv4",
            "location": "eastus",
            "name": "testAGPublicIPAddress",
            "public_ip_prefix_id": null,
            "resource_group_name": "test-neyo-rg-nrg",
            "reverse_fqdn": null,
            "sku": "Standard",
            "sku_tier": "Regional",
            "tags": {},
            "timeouts": null,
            "zones": []
          },
          "sensitive_attributes": [],
          "private": "eyJlMmJmYjczMC1lY2FhLTExZTYtOGY4OC0zNDM2M2JjN2M0YzAiOnsiY3JlYXRlIjoxODAwMDAwMDAwMDAwLCJkZWxldGUiOjE4MDAwMDAwMDAwMDAsInJlYWQiOjMwMDAwMDAwMDAwMCwidXBkYXRlIjoxODAwMDAwMDAwMDAwfX0="
        }
      ]
    },
    {
      "module": "module.appgw",
      "mode": "managed",
      "type": "azurerm_role_assignment",
      "name": "appgwidentity",
      "provider": "provider[\"registry.terraform.io/hashicorp/azurerm\"]",
      "instances": [
        {
          "schema_version": 0,
          "attributes": {
            "condition": "",
            "condition_version": "",
            "delegated_managed_identity_resource_id": "",
            "description": "",
            "id": "/subscriptions/c7159b76-0836-4a8d-99df-ab0ef217acb0/resourceGroups/test-neyo-rg-nrg/providers/Microsoft.Authorization/roleAssignments/71e1eeee-ad4f-8cf3-a38e-49ee74d7a1a4",
            "name": "71e1eeee-ad4f-8cf3-a38e-49ee74d7a1a4",
            "principal_id": "0d28123e-1d12-464f-bc42-a004468af148",
            "principal_type": "ServicePrincipal",
            "role_definition_id": "/subscriptions/c7159b76-0836-4a8d-99df-ab0ef217acb0/providers/Microsoft.Authorization/roleDefinitions/b24988ac-6180-42a0-ab88-20f7382dd24c",
            "role_definition_name": "Contributor",
            "scope": "/subscriptions/c7159b76-0836-4a8d-99df-ab0ef217acb0/resourceGroups/test-neyo-rg-nrg",
            "skip_service_principal_aad_check": null,
            "timeouts": null
          },
          "sensitive_attributes": [],
          "private": "eyJlMmJmYjczMC1lY2FhLTExZTYtOGY4OC0zNDM2M2JjN2M0YzAiOnsiY3JlYXRlIjoxODAwMDAwMDAwMDAwLCJkZWxldGUiOjE4MDAwMDAwMDAwMDAsInJlYWQiOjMwMDAwMDAwMDAwMCwidXBkYXRlIjoxODAwMDAwMDAwMDAwfX0=",
          "dependencies": [
            "module.appgw.azurerm_user_assigned_identity.main",
            "module.appgw.data.azurerm_user_assigned_identity.main"
          ]
        }
      ]
    },
    {
      "module": "module.appgw",
      "mode": "managed",
      "type": "azurerm_subnet",
      "name": "frontend",
      "provider": "provider[\"registry.terraform.io/hashicorp/azurerm\"]",
      "instances": [
        {
          "schema_version": 0,
          "attributes": {
            "address_prefixes": [
              "10.21.0.0/24"
            ],
            "delegation": [],
            "enforce_private_link_endpoint_network_policies": false,
            "enforce_private_link_service_network_policies": false,
            "id": "/subscriptions/c7159b76-0836-4a8d-99df-ab0ef217acb0/resourceGroups/test-neyo-rg-nrg/providers/Microsoft.Network/virtualNetworks/AppGwVnet/subnets/frontAGSubnet",
            "name": "frontAGSubnet",
            "private_endpoint_network_policies_enabled": true,
            "private_link_service_network_policies_enabled": true,
            "resource_group_name": "test-neyo-rg-nrg",
            "service_endpoint_policy_ids": [],
            "service_endpoints": [],
            "timeouts": null,
            "virtual_network_name": "AppGwVnet"
          },
          "sensitive_attributes": [],
          "private": "eyJlMmJmYjczMC1lY2FhLTExZTYtOGY4OC0zNDM2M2JjN2M0YzAiOnsiY3JlYXRlIjoxODAwMDAwMDAwMDAwLCJkZWxldGUiOjE4MDAwMDAwMDAwMDAsInJlYWQiOjMwMDAwMDAwMDAwMCwidXBkYXRlIjoxODAwMDAwMDAwMDAwfX0=",
          "dependencies": [
            "module.appgw.azurerm_virtual_network.vnet"
          ]
        }
      ]
    },
    {
      "module": "module.appgw",
      "mode": "managed",
      "type": "azurerm_user_assigned_identity",
      "name": "main",
      "provider": "provider[\"registry.terraform.io/hashicorp/azurerm\"]",
      "instances": [
        {
          "schema_version": 1,
          "attributes": {
            "client_id": "9fce4b2c-166c-4761-9055-d0d1c1d91d87",
            "id": "/subscriptions/c7159b76-0836-4a8d-99df-ab0ef217acb0/resourceGroups/test-neyo-rg-nrg/providers/Microsoft.ManagedIdentity/userAssignedIdentities/appgw-api",
            "location": "eastus",
            "name": "appgw-api",
            "principal_id": "0d28123e-1d12-464f-bc42-a004468af148",
            "resource_group_name": "test-neyo-rg-nrg",
            "tags": {},
            "tenant_id": "dfd7834a-f2c6-45da-ad99-d032066436f6",
            "timeouts": null
          },
          "sensitive_attributes": [],
          "private": "eyJlMmJmYjczMC1lY2FhLTExZTYtOGY4OC0zNDM2M2JjN2M0YzAiOnsiY3JlYXRlIjoxODAwMDAwMDAwMDAwLCJkZWxldGUiOjE4MDAwMDAwMDAwMDAsInJlYWQiOjMwMDAwMDAwMDAwMCwidXBkYXRlIjoxODAwMDAwMDAwMDAwfSwic2NoZW1hX3ZlcnNpb24iOiIxIn0="
        }
      ]
    },
    {
      "module": "module.appgw",
      "mode": "managed",
      "type": "azurerm_virtual_network",
      "name": "vnet",
      "provider": "provider[\"registry.terraform.io/hashicorp/azurerm\"]",
      "instances": [
        {
          "schema_version": 0,
          "attributes": {
            "address_space": [
              "10.21.0.0/16"
            ],
            "bgp_community": "",
            "ddos_protection_plan": [],
            "dns_servers": [],
            "edge_zone": "",
            "encryption": [],
            "flow_timeout_in_minutes": 0,
            "guid": "6fa958bc-223c-467f-8f64-6e428588bd06",
            "id": "/subscriptions/c7159b76-0836-4a8d-99df-ab0ef217acb0/resourceGroups/test-neyo-rg-nrg/providers/Microsoft.Network/virtualNetworks/AppGwVnet",
            "location": "eastus",
            "name": "AppGwVnet",
            "resource_group_name": "test-neyo-rg-nrg",
            "subnet": [
              {
                "address_prefix": "10.21.0.0/24",
                "id": "/subscriptions/c7159b76-0836-4a8d-99df-ab0ef217acb0/resourceGroups/test-neyo-rg-nrg/providers/Microsoft.Network/virtualNetworks/AppGwVnet/subnets/frontAGSubnet",
                "name": "frontAGSubnet",
                "security_group": ""
              }
            ],
            "tags": {},
            "timeouts": null
          },
          "sensitive_attributes": [],
          "private": "eyJlMmJmYjczMC1lY2FhLTExZTYtOGY4OC0zNDM2M2JjN2M0YzAiOnsiY3JlYXRlIjoxODAwMDAwMDAwMDAwLCJkZWxldGUiOjE4MDAwMDAwMDAwMDAsInJlYWQiOjMwMDAwMDAwMDAwMCwidXBkYXRlIjoxODAwMDAwMDAwMDAwfX0="
        }
      ]
    },
    {
      "module": "module.appgw",
      "mode": "managed",
      "type": "azurerm_virtual_network_peering",
      "name": "aks-vnet",
      "provider": "provider[\"registry.terraform.io/hashicorp/azurerm\"]",
      "instances": [
        {
          "schema_version": 0,
          "attributes": {
            "allow_forwarded_traffic": false,
            "allow_gateway_transit": false,
            "allow_virtual_network_access": true,
            "id": "/subscriptions/c7159b76-0836-4a8d-99df-ab0ef217acb0/resourceGroups/test-neyo-rg-nrg/providers/Microsoft.Network/virtualNetworks/aks-vnet-77731381/virtualNetworkPeerings/AKStoAppGWVnetPeering",
            "name": "AKStoAppGWVnetPeering",
            "remote_virtual_network_id": "/subscriptions/c7159b76-0836-4a8d-99df-ab0ef217acb0/resourceGroups/test-neyo-rg-nrg/providers/Microsoft.Network/virtualNetworks/AppGwVnet",
            "resource_group_name": "test-neyo-rg-nrg",
            "timeouts": null,
            "triggers": null,
            "use_remote_gateways": false,
            "virtual_network_name": "aks-vnet-77731381"
          },
          "sensitive_attributes": [],
          "private": "eyJlMmJmYjczMC1lY2FhLTExZTYtOGY4OC0zNDM2M2JjN2M0YzAiOnsiY3JlYXRlIjoxODAwMDAwMDAwMDAwLCJkZWxldGUiOjE4MDAwMDAwMDAwMDAsInJlYWQiOjMwMDAwMDAwMDAwMCwidXBkYXRlIjoxODAwMDAwMDAwMDAwfX0=",
          "dependencies": [
            "module.appgw.azurerm_virtual_network.vnet"
          ]
        }
      ]
    },
    {
      "module": "module.appgw",
      "mode": "managed",
      "type": "azurerm_virtual_network_peering",
      "name": "appgw-vnet",
      "provider": "provider[\"registry.terraform.io/hashicorp/azurerm\"]",
      "instances": [
        {
          "schema_version": 0,
          "attributes": {
            "allow_forwarded_traffic": false,
            "allow_gateway_transit": false,
            "allow_virtual_network_access": true,
            "id": "/subscriptions/c7159b76-0836-4a8d-99df-ab0ef217acb0/resourceGroups/test-neyo-rg-nrg/providers/Microsoft.Network/virtualNetworks/AppGwVnet/virtualNetworkPeerings/AppGWtoAKSVnetPeering",
            "name": "AppGWtoAKSVnetPeering",
            "remote_virtual_network_id": "/subscriptions/c7159b76-0836-4a8d-99df-ab0ef217acb0/resourceGroups/test-neyo-rg-nrg/providers/Microsoft.Network/virtualNetworks/aks-vnet-77731381",
            "resource_group_name": "test-neyo-rg-nrg",
            "timeouts": null,
            "triggers": null,
            "use_remote_gateways": false,
            "virtual_network_name": "AppGwVnet"
          },
          "sensitive_attributes": [],
          "private": "eyJlMmJmYjczMC1lY2FhLTExZTYtOGY4OC0zNDM2M2JjN2M0YzAiOnsiY3JlYXRlIjoxODAwMDAwMDAwMDAwLCJkZWxldGUiOjE4MDAwMDAwMDAwMDAsInJlYWQiOjMwMDAwMDAwMDAwMCwidXBkYXRlIjoxODAwMDAwMDAwMDAwfX0=",
          "dependencies": [
            "module.appgw.azurerm_virtual_network.vnet",
            "module.appgw.data.azurerm_virtual_network.aks_vnet"
          ]
        }
      ]
    },
    {
      "module": "module.keyvault",
      "mode": "data",
      "type": "azurerm_client_config",
      "name": "current",
      "provider": "provider[\"registry.terraform.io/hashicorp/azurerm\"]",
      "instances": [
        {
          "schema_version": 0,
          "attributes": {
            "client_id": "04b07795-8ddb-461a-bbee-02f9e1bf7b46",
            "id": "Y2xpZW50Q29uZmlncy9jbGllbnRJZD0wNGIwNzc5NS04ZGRiLTQ2MWEtYmJlZS0wMmY5ZTFiZjdiNDY7b2JqZWN0SWQ9ZmEwNzZmNzQtNTcyNy00NGE4LTgyYzctZTg5MGFlNGViZGQ2O3N1YnNjcmlwdGlvbklkPWM3MTU5Yjc2LTA4MzYtNGE4ZC05OWRmLWFiMGVmMjE3YWNiMDt0ZW5hbnRJZD1kZmQ3ODM0YS1mMmM2LTQ1ZGEtYWQ5OS1kMDMyMDY2NDM2ZjY=",
            "object_id": "fa076f74-5727-44a8-82c7-e890ae4ebdd6",
            "subscription_id": "c7159b76-0836-4a8d-99df-ab0ef217acb0",
            "tenant_id": "dfd7834a-f2c6-45da-ad99-d032066436f6",
            "timeouts": null
          },
          "sensitive_attributes": []
        }
      ]
    },
    {
      "module": "module.keyvault",
      "mode": "managed",
      "type": "azurerm_key_vault",
      "name": "kv",
      "provider": "provider[\"registry.terraform.io/hashicorp/azurerm\"]",
      "instances": [
        {
          "schema_version": 2,
          "attributes": {
            "access_policy": [],
            "contact": [],
            "enable_rbac_authorization": true,
            "enabled_for_deployment": true,
            "enabled_for_disk_encryption": true,
            "enabled_for_template_deployment": true,
            "id": "/subscriptions/c7159b76-0836-4a8d-99df-ab0ef217acb0/resourceGroups/test-neyo-rg/providers/Microsoft.KeyVault/vaults/test-neyo-kv-101",
            "location": "eastus",
            "name": "test-neyo-kv-101",
            "network_acls": [
              {
                "bypass": "AzureServices",
                "default_action": "Allow",
                "ip_rules": [],
                "virtual_network_subnet_ids": []
              }
            ],
            "public_network_access_enabled": true,
            "purge_protection_enabled": false,
            "resource_group_name": "test-neyo-rg",
            "sku_name": "premium",
            "soft_delete_retention_days": 7,
            "tags": {},
            "tenant_id": "dfd7834a-f2c6-45da-ad99-d032066436f6",
            "timeouts": null,
            "vault_uri": "https://test-neyo-kv-101.vault.azure.net/"
          },
          "sensitive_attributes": [],
          "private": "eyJlMmJmYjczMC1lY2FhLTExZTYtOGY4OC0zNDM2M2JjN2M0YzAiOnsiY3JlYXRlIjoxODAwMDAwMDAwMDAwLCJkZWxldGUiOjE4MDAwMDAwMDAwMDAsInJlYWQiOjMwMDAwMDAwMDAwMCwidXBkYXRlIjoxODAwMDAwMDAwMDAwfSwic2NoZW1hX3ZlcnNpb24iOiIyIn0=",
          "dependencies": [
            "azurerm_resource_group.rg1",
            "module.ServicePrincipal.azuread_application.main",
            "module.ServicePrincipal.azuread_service_principal.main",
            "module.ServicePrincipal.azuread_service_principal_password.main",
            "module.ServicePrincipal.data.azuread_client_config.current",
            "module.keyvault.data.azurerm_client_config.current"
          ]
        }
      ]
    },
    {
      "module": "module.storageacct",
      "mode": "managed",
      "type": "azurerm_storage_account",
      "name": "storage_account",
      "provider": "provider[\"registry.terraform.io/hashicorp/azurerm\"]",
      "instances": [
        {
          "schema_version": 4,
          "attributes": {
            "access_tier": "Hot",
            "account_kind": "StorageV2",
            "account_replication_type": "GRS",
            "account_tier": "Standard",
            "allow_nested_items_to_be_public": true,
            "allowed_copy_scope": "",
            "azure_files_authentication": [],
            "blob_properties": [
              {
                "change_feed_enabled": false,
                "change_feed_retention_in_days": 0,
                "container_delete_retention_policy": [],
                "cors_rule": [],
                "default_service_version": "",
                "delete_retention_policy": [],
                "last_access_time_enabled": false,
                "restore_policy": [],
                "versioning_enabled": false
              }
            ],
            "cross_tenant_replication_enabled": true,
            "custom_domain": [],
            "customer_managed_key": [],
            "default_to_oauth_authentication": false,
            "edge_zone": "",
            "enable_https_traffic_only": true,
            "id": "/subscriptions/c7159b76-0836-4a8d-99df-ab0ef217acb0/resourceGroups/test-neyo-rg/providers/Microsoft.Storage/storageAccounts/neyostr01",
            "identity": [],
            "immutability_policy": [],
            "infrastructure_encryption_enabled": false,
            "is_hns_enabled": false,
            "large_file_share_enabled": null,
            "location": "eastus",
            "min_tls_version": "TLS1_2",
            "name": "neyostr01",
            "network_rules": [
              {
                "bypass": [
                  "AzureServices"
                ],
                "default_action": "Allow",
                "ip_rules": [],
                "private_link_access": [],
                "virtual_network_subnet_ids": []
              }
            ],
            "nfsv3_enabled": false,
            "primary_access_key": "2OAqBo7ArliG2nHO+yTyDX/WLYoQk3A8quqIYJtXlMTCbQ7hiDf3h5fCNg6raZeTpHPHpPMemjYK+AStzIa30w==",
            "primary_blob_connection_string": "DefaultEndpointsProtocol=https;BlobEndpoint=https://neyostr01.blob.core.windows.net/;AccountName=neyostr01;AccountKey=2OAqBo7ArliG2nHO+yTyDX/WLYoQk3A8quqIYJtXlMTCbQ7hiDf3h5fCNg6raZeTpHPHpPMemjYK+AStzIa30w==",
            "primary_blob_endpoint": "https://neyostr01.blob.core.windows.net/",
            "primary_blob_host": "neyostr01.blob.core.windows.net",
            "primary_connection_string": "DefaultEndpointsProtocol=https;AccountName=neyostr01;AccountKey=2OAqBo7ArliG2nHO+yTyDX/WLYoQk3A8quqIYJtXlMTCbQ7hiDf3h5fCNg6raZeTpHPHpPMemjYK+AStzIa30w==;EndpointSuffix=core.windows.net",
            "primary_dfs_endpoint": "https://neyostr01.dfs.core.windows.net/",
            "primary_dfs_host": "neyostr01.dfs.core.windows.net",
            "primary_file_endpoint": "https://neyostr01.file.core.windows.net/",
            "primary_file_host": "neyostr01.file.core.windows.net",
            "primary_location": "eastus",
            "primary_queue_endpoint": "https://neyostr01.queue.core.windows.net/",
            "primary_queue_host": "neyostr01.queue.core.windows.net",
            "primary_table_endpoint": "https://neyostr01.table.core.windows.net/",
            "primary_table_host": "neyostr01.table.core.windows.net",
            "primary_web_endpoint": "https://neyostr01.z13.web.core.windows.net/",
            "primary_web_host": "neyostr01.z13.web.core.windows.net",
            "public_network_access_enabled": true,
            "queue_encryption_key_type": "Service",
            "queue_properties": [
              {
                "cors_rule": [],
                "hour_metrics": [
                  {
                    "enabled": true,
                    "include_apis": true,
                    "retention_policy_days": 7,
                    "version": "1.0"
                  }
                ],
                "logging": [
                  {
                    "delete": false,
                    "read": false,
                    "retention_policy_days": 0,
                    "version": "1.0",
                    "write": false
                  }
                ],
                "minute_metrics": [
                  {
                    "enabled": false,
                    "include_apis": false,
                    "retention_policy_days": 0,
                    "version": "1.0"
                  }
                ]
              }
            ],
            "resource_group_name": "test-neyo-rg",
            "routing": [],
            "sas_policy": [],
            "secondary_access_key": "PzVC3Re9clzTnrUIbMf542Ub6wRtEQo7minfu42rFCqilCCg1dduDtQRjURTaUpJYbC9gFY1oI6R+AStcEYBJg==",
            "secondary_blob_connection_string": "",
            "secondary_blob_endpoint": null,
            "secondary_blob_host": null,
            "secondary_connection_string": "DefaultEndpointsProtocol=https;AccountName=neyostr01;AccountKey=PzVC3Re9clzTnrUIbMf542Ub6wRtEQo7minfu42rFCqilCCg1dduDtQRjURTaUpJYbC9gFY1oI6R+AStcEYBJg==;EndpointSuffix=core.windows.net",
            "secondary_dfs_endpoint": null,
            "secondary_dfs_host": null,
            "secondary_file_endpoint": null,
            "secondary_file_host": null,
            "secondary_location": "westus",
            "secondary_queue_endpoint": null,
            "secondary_queue_host": null,
            "secondary_table_endpoint": null,
            "secondary_table_host": null,
            "secondary_web_endpoint": null,
            "secondary_web_host": null,
            "sftp_enabled": false,
            "share_properties": [
              {
                "cors_rule": [],
                "retention_policy": [
                  {
                    "days": 7
                  }
                ],
                "smb": []
              }
            ],
            "shared_access_key_enabled": true,
            "static_website": [],
            "table_encryption_key_type": "Service",
            "tags": {
              "env": "test"
            },
            "timeouts": null
          },
          "sensitive_attributes": [],
          "private": "eyJlMmJmYjczMC1lY2FhLTExZTYtOGY4OC0zNDM2M2JjN2M0YzAiOnsiY3JlYXRlIjozNjAwMDAwMDAwMDAwLCJkZWxldGUiOjM2MDAwMDAwMDAwMDAsInJlYWQiOjMwMDAwMDAwMDAwMCwidXBkYXRlIjozNjAwMDAwMDAwMDAwfSwic2NoZW1hX3ZlcnNpb24iOiI0In0="
        }
      ]
    },
    {
      "module": "module.storageacct",
      "mode": "managed",
      "type": "azurerm_storage_container",
      "name": "container",
      "provider": "provider[\"registry.terraform.io/hashicorp/azurerm\"]",
      "instances": [
        {
          "schema_version": 1,
          "attributes": {
            "container_access_type": "private",
            "has_immutability_policy": false,
            "has_legal_hold": false,
            "id": "https://neyostr01.blob.core.windows.net/tfstate",
            "metadata": {},
            "name": "tfstate",
            "resource_manager_id": "/subscriptions/c7159b76-0836-4a8d-99df-ab0ef217acb0/resourceGroups/test-neyo-rg/providers/Microsoft.Storage/storageAccounts/neyostr01/blobServices/default/containers/tfstate",
            "storage_account_name": "neyostr01",
            "timeouts": null
          },
          "sensitive_attributes": [],
          "private": "eyJlMmJmYjczMC1lY2FhLTExZTYtOGY4OC0zNDM2M2JjN2M0YzAiOnsiY3JlYXRlIjoxODAwMDAwMDAwMDAwLCJkZWxldGUiOjE4MDAwMDAwMDAwMDAsInJlYWQiOjMwMDAwMDAwMDAwMCwidXBkYXRlIjoxODAwMDAwMDAwMDAwfSwic2NoZW1hX3ZlcnNpb24iOiIxIn0=",
          "dependencies": [
            "module.storageacct.azurerm_storage_account.storage_account"
          ]
        }
      ]
    }
  ],
  "check_results": null
}
